// !$*UTF8*$!
{
	archiveVersion = 1;
	classes = {
	};
	objectVersion = 50;
	objects = {

/* Begin PBXBuildFile section */
		6F6172252539359100B7D9D8 /* LoginRepositoryType.swift in Sources */ = {isa = PBXBuildFile; fileRef = 6F6172242539359100B7D9D8 /* LoginRepositoryType.swift */; };
		6F617227253935BD00B7D9D8 /* LoginRepository.swift in Sources */ = {isa = PBXBuildFile; fileRef = 6F617226253935BD00B7D9D8 /* LoginRepository.swift */; };
		6F617229253938E700B7D9D8 /* User.swift in Sources */ = {isa = PBXBuildFile; fileRef = 6F617228253938E700B7D9D8 /* User.swift */; };
		6FE1D0222537B9CB00E78A4C /* HappyMindData.framework in Frameworks */ = {isa = PBXBuildFile; fileRef = 6FE1D0182537B9CB00E78A4C /* HappyMindData.framework */; };
		6FE1D0272537B9CB00E78A4C /* HappyMindDataTests.swift in Sources */ = {isa = PBXBuildFile; fileRef = 6FE1D0262537B9CB00E78A4C /* HappyMindDataTests.swift */; };
		6FE1D0292537B9CB00E78A4C /* HappyMindData.h in Headers */ = {isa = PBXBuildFile; fileRef = 6FE1D01B2537B9CB00E78A4C /* HappyMindData.h */; settings = {ATTRIBUTES = (Public, ); }; };
		6FE1D0402537BA4100E78A4C /* Category.swift in Sources */ = {isa = PBXBuildFile; fileRef = 6FE1D0372537BA4100E78A4C /* Category.swift */; };
		6FE1D0412537BA4100E78A4C /* ResourceLoaderDelegate.swift in Sources */ = {isa = PBXBuildFile; fileRef = 6FE1D0392537BA4100E78A4C /* ResourceLoaderDelegate.swift */; };
		6FE1D0422537BA4100E78A4C /* BaseAPIClient.swift in Sources */ = {isa = PBXBuildFile; fileRef = 6FE1D03A2537BA4100E78A4C /* BaseAPIClient.swift */; };
		6FE1D0432537BA4100E78A4C /* BaseAPIClientType.swift in Sources */ = {isa = PBXBuildFile; fileRef = 6FE1D03B2537BA4100E78A4C /* BaseAPIClientType.swift */; };
		6FE1D0442537BA4100E78A4C /* BaseAPIConstants.swift in Sources */ = {isa = PBXBuildFile; fileRef = 6FE1D03C2537BA4100E78A4C /* BaseAPIConstants.swift */; };
		6FE1D0452537BA4100E78A4C /* CachingPlayerItemDelegate.swift in Sources */ = {isa = PBXBuildFile; fileRef = 6FE1D03D2537BA4100E78A4C /* CachingPlayerItemDelegate.swift */; };
		6FE1D0462537BA4100E78A4C /* CachingPlayerItem.swift in Sources */ = {isa = PBXBuildFile; fileRef = 6FE1D03E2537BA4100E78A4C /* CachingPlayerItem.swift */; };
		6FE1D0472537BA4100E78A4C /* Endpoint.swift in Sources */ = {isa = PBXBuildFile; fileRef = 6FE1D03F2537BA4100E78A4C /* Endpoint.swift */; };
		6FE1D04F2537BA4E00E78A4C /* CategoryRepository.swift in Sources */ = {isa = PBXBuildFile; fileRef = 6FE1D0492537BA4E00E78A4C /* CategoryRepository.swift */; };
		6FE1D0502537BA4E00E78A4C /* ApiError.swift in Sources */ = {isa = PBXBuildFile; fileRef = 6FE1D04B2537BA4E00E78A4C /* ApiError.swift */; };
		6FE1D0512537BA4E00E78A4C /* BaseService.swift in Sources */ = {isa = PBXBuildFile; fileRef = 6FE1D04C2537BA4E00E78A4C /* BaseService.swift */; };
		6FE1D0522537BA4E00E78A4C /* CategoryRepositoryType.swift in Sources */ = {isa = PBXBuildFile; fileRef = 6FE1D04E2537BA4E00E78A4C /* CategoryRepositoryType.swift */; };
		D1AC71E2253E5CD100D89D14 /* LocalStorageError.swift in Sources */ = {isa = PBXBuildFile; fileRef = D1AC71E1253E5CD100D89D14 /* LocalStorageError.swift */; };
		D1AC71E4253E5CF800D89D14 /* BaseError.swift in Sources */ = {isa = PBXBuildFile; fileRef = D1AC71E3253E5CF800D89D14 /* BaseError.swift */; };
		D1C43148253CF46E00DA44A6 /* LocalStorageRepositoryType.swift in Sources */ = {isa = PBXBuildFile; fileRef = D1C43147253CF46E00DA44A6 /* LocalStorageRepositoryType.swift */; };
		D1C4314B253CF49700DA44A6 /* LocalStorageKey.swift in Sources */ = {isa = PBXBuildFile; fileRef = D1C4314A253CF49700DA44A6 /* LocalStorageKey.swift */; };
		D1C4314D253CF4D000DA44A6 /* LocalStorageRepository.swift in Sources */ = {isa = PBXBuildFile; fileRef = D1C4314C253CF4D000DA44A6 /* LocalStorageRepository.swift */; };
		D2E9432C1FCC710C978FB9D0 /* Pods_HappyMindData.framework in Frameworks */ = {isa = PBXBuildFile; fileRef = DF3BE46AA5A321212F639303 /* Pods_HappyMindData.framework */; };
/* End PBXBuildFile section */

/* Begin PBXContainerItemProxy section */
		6FE1D0232537B9CB00E78A4C /* PBXContainerItemProxy */ = {
			isa = PBXContainerItemProxy;
			containerPortal = 6FE1D00F2537B9CB00E78A4C /* Project object */;
			proxyType = 1;
			remoteGlobalIDString = 6FE1D0172537B9CB00E78A4C;
			remoteInfo = HappyMindData;
		};
/* End PBXContainerItemProxy section */

/* Begin PBXFileReference section */
		43AE150050759CA6C3E6862B /* Pods-HappyMindData.release.xcconfig */ = {isa = PBXFileReference; includeInIndex = 1; lastKnownFileType = text.xcconfig; name = "Pods-HappyMindData.release.xcconfig"; path = "Target Support Files/Pods-HappyMindData/Pods-HappyMindData.release.xcconfig"; sourceTree = "<group>"; };
		6F6172242539359100B7D9D8 /* LoginRepositoryType.swift */ = {isa = PBXFileReference; lastKnownFileType = sourcecode.swift; path = LoginRepositoryType.swift; sourceTree = "<group>"; };
		6F617226253935BD00B7D9D8 /* LoginRepository.swift */ = {isa = PBXFileReference; lastKnownFileType = sourcecode.swift; path = LoginRepository.swift; sourceTree = "<group>"; };
		6F617228253938E700B7D9D8 /* User.swift */ = {isa = PBXFileReference; lastKnownFileType = sourcecode.swift; path = User.swift; sourceTree = "<group>"; };
		6FE1D0182537B9CB00E78A4C /* HappyMindData.framework */ = {isa = PBXFileReference; explicitFileType = wrapper.framework; includeInIndex = 0; path = HappyMindData.framework; sourceTree = BUILT_PRODUCTS_DIR; };
		6FE1D01B2537B9CB00E78A4C /* HappyMindData.h */ = {isa = PBXFileReference; lastKnownFileType = sourcecode.c.h; path = HappyMindData.h; sourceTree = "<group>"; };
		6FE1D01C2537B9CB00E78A4C /* Info.plist */ = {isa = PBXFileReference; lastKnownFileType = text.plist.xml; path = Info.plist; sourceTree = "<group>"; };
		6FE1D0212537B9CB00E78A4C /* HappyMindDataTests.xctest */ = {isa = PBXFileReference; explicitFileType = wrapper.cfbundle; includeInIndex = 0; path = HappyMindDataTests.xctest; sourceTree = BUILT_PRODUCTS_DIR; };
		6FE1D0262537B9CB00E78A4C /* HappyMindDataTests.swift */ = {isa = PBXFileReference; lastKnownFileType = sourcecode.swift; path = HappyMindDataTests.swift; sourceTree = "<group>"; };
		6FE1D0282537B9CB00E78A4C /* Info.plist */ = {isa = PBXFileReference; lastKnownFileType = text.plist.xml; path = Info.plist; sourceTree = "<group>"; };
		6FE1D0372537BA4100E78A4C /* Category.swift */ = {isa = PBXFileReference; fileEncoding = 4; lastKnownFileType = sourcecode.swift; path = Category.swift; sourceTree = "<group>"; };
		6FE1D0392537BA4100E78A4C /* ResourceLoaderDelegate.swift */ = {isa = PBXFileReference; fileEncoding = 4; lastKnownFileType = sourcecode.swift; path = ResourceLoaderDelegate.swift; sourceTree = "<group>"; };
		6FE1D03A2537BA4100E78A4C /* BaseAPIClient.swift */ = {isa = PBXFileReference; fileEncoding = 4; lastKnownFileType = sourcecode.swift; path = BaseAPIClient.swift; sourceTree = "<group>"; };
		6FE1D03B2537BA4100E78A4C /* BaseAPIClientType.swift */ = {isa = PBXFileReference; fileEncoding = 4; lastKnownFileType = sourcecode.swift; path = BaseAPIClientType.swift; sourceTree = "<group>"; };
		6FE1D03C2537BA4100E78A4C /* BaseAPIConstants.swift */ = {isa = PBXFileReference; fileEncoding = 4; lastKnownFileType = sourcecode.swift; path = BaseAPIConstants.swift; sourceTree = "<group>"; };
		6FE1D03D2537BA4100E78A4C /* CachingPlayerItemDelegate.swift */ = {isa = PBXFileReference; fileEncoding = 4; lastKnownFileType = sourcecode.swift; path = CachingPlayerItemDelegate.swift; sourceTree = "<group>"; };
		6FE1D03E2537BA4100E78A4C /* CachingPlayerItem.swift */ = {isa = PBXFileReference; fileEncoding = 4; lastKnownFileType = sourcecode.swift; path = CachingPlayerItem.swift; sourceTree = "<group>"; };
		6FE1D03F2537BA4100E78A4C /* Endpoint.swift */ = {isa = PBXFileReference; fileEncoding = 4; lastKnownFileType = sourcecode.swift; path = Endpoint.swift; sourceTree = "<group>"; };
		6FE1D0492537BA4E00E78A4C /* CategoryRepository.swift */ = {isa = PBXFileReference; fileEncoding = 4; lastKnownFileType = sourcecode.swift; path = CategoryRepository.swift; sourceTree = "<group>"; };
		6FE1D04B2537BA4E00E78A4C /* ApiError.swift */ = {isa = PBXFileReference; fileEncoding = 4; lastKnownFileType = sourcecode.swift; path = ApiError.swift; sourceTree = "<group>"; };
		6FE1D04C2537BA4E00E78A4C /* BaseService.swift */ = {isa = PBXFileReference; fileEncoding = 4; lastKnownFileType = sourcecode.swift; path = BaseService.swift; sourceTree = "<group>"; };
		6FE1D04E2537BA4E00E78A4C /* CategoryRepositoryType.swift */ = {isa = PBXFileReference; fileEncoding = 4; lastKnownFileType = sourcecode.swift; path = CategoryRepositoryType.swift; sourceTree = "<group>"; };
		9CF86D13B2F5A1811B00DA3A /* Pods-HappyMindData.debug.xcconfig */ = {isa = PBXFileReference; includeInIndex = 1; lastKnownFileType = text.xcconfig; name = "Pods-HappyMindData.debug.xcconfig"; path = "Target Support Files/Pods-HappyMindData/Pods-HappyMindData.debug.xcconfig"; sourceTree = "<group>"; };
		D1AC71E1253E5CD100D89D14 /* LocalStorageError.swift */ = {isa = PBXFileReference; lastKnownFileType = sourcecode.swift; path = LocalStorageError.swift; sourceTree = "<group>"; };
		D1AC71E3253E5CF800D89D14 /* BaseError.swift */ = {isa = PBXFileReference; lastKnownFileType = sourcecode.swift; path = BaseError.swift; sourceTree = "<group>"; };
		D1C43147253CF46E00DA44A6 /* LocalStorageRepositoryType.swift */ = {isa = PBXFileReference; lastKnownFileType = sourcecode.swift; path = LocalStorageRepositoryType.swift; sourceTree = "<group>"; };
		D1C4314A253CF49700DA44A6 /* LocalStorageKey.swift */ = {isa = PBXFileReference; lastKnownFileType = sourcecode.swift; path = LocalStorageKey.swift; sourceTree = "<group>"; };
		D1C4314C253CF4D000DA44A6 /* LocalStorageRepository.swift */ = {isa = PBXFileReference; lastKnownFileType = sourcecode.swift; path = LocalStorageRepository.swift; sourceTree = "<group>"; };
		DF3BE46AA5A321212F639303 /* Pods_HappyMindData.framework */ = {isa = PBXFileReference; explicitFileType = wrapper.framework; includeInIndex = 0; path = Pods_HappyMindData.framework; sourceTree = BUILT_PRODUCTS_DIR; };
/* End PBXFileReference section */

/* Begin PBXFrameworksBuildPhase section */
		6FE1D0152537B9CB00E78A4C /* Frameworks */ = {
			isa = PBXFrameworksBuildPhase;
			buildActionMask = 2147483647;
			files = (
				D2E9432C1FCC710C978FB9D0 /* Pods_HappyMindData.framework in Frameworks */,
			);
			runOnlyForDeploymentPostprocessing = 0;
		};
		6FE1D01E2537B9CB00E78A4C /* Frameworks */ = {
			isa = PBXFrameworksBuildPhase;
			buildActionMask = 2147483647;
			files = (
				6FE1D0222537B9CB00E78A4C /* HappyMindData.framework in Frameworks */,
			);
			runOnlyForDeploymentPostprocessing = 0;
		};
/* End PBXFrameworksBuildPhase section */

/* Begin PBXGroup section */
		6FE1D00E2537B9CB00E78A4C = {
			isa = PBXGroup;
			children = (
				6FE1D01A2537B9CB00E78A4C /* HappyMindData */,
				6FE1D0252537B9CB00E78A4C /* HappyMindDataTests */,
				6FE1D0192537B9CB00E78A4C /* Products */,
				BB8A965A3B71D325BC256FC4 /* Pods */,
				A5A1DE2599F6EA789DC5787C /* Frameworks */,
			);
			sourceTree = "<group>";
		};
		6FE1D0192537B9CB00E78A4C /* Products */ = {
			isa = PBXGroup;
			children = (
				6FE1D0182537B9CB00E78A4C /* HappyMindData.framework */,
				6FE1D0212537B9CB00E78A4C /* HappyMindDataTests.xctest */,
			);
			name = Products;
			sourceTree = "<group>";
		};
		6FE1D01A2537B9CB00E78A4C /* HappyMindData */ = {
			isa = PBXGroup;
			children = (
				D1AC71E0253E5CC200D89D14 /* Errors */,
				6FE1D0482537BA4E00E78A4C /* Repository */,
				6FE1D04D2537BA4E00E78A4C /* RepositoryTypes */,
				6FE1D04A2537BA4E00E78A4C /* Service */,
				6FE1D0382537BA4100E78A4C /* ApiClient */,
				6FE1D0362537BA4100E78A4C /* Dto */,
				6FE1D01B2537B9CB00E78A4C /* HappyMindData.h */,
				6FE1D01C2537B9CB00E78A4C /* Info.plist */,
			);
			path = HappyMindData;
			sourceTree = "<group>";
		};
		6FE1D0252537B9CB00E78A4C /* HappyMindDataTests */ = {
			isa = PBXGroup;
			children = (
				6FE1D0262537B9CB00E78A4C /* HappyMindDataTests.swift */,
				6FE1D0282537B9CB00E78A4C /* Info.plist */,
			);
			path = HappyMindDataTests;
			sourceTree = "<group>";
		};
		6FE1D0362537BA4100E78A4C /* Dto */ = {
			isa = PBXGroup;
			children = (
				6FE1D0372537BA4100E78A4C /* Category.swift */,
				6F617228253938E700B7D9D8 /* User.swift */,
			);
			path = Dto;
			sourceTree = "<group>";
		};
		6FE1D0382537BA4100E78A4C /* ApiClient */ = {
			isa = PBXGroup;
			children = (
				6FE1D0392537BA4100E78A4C /* ResourceLoaderDelegate.swift */,
				6FE1D03A2537BA4100E78A4C /* BaseAPIClient.swift */,
				6FE1D03B2537BA4100E78A4C /* BaseAPIClientType.swift */,
				6FE1D03C2537BA4100E78A4C /* BaseAPIConstants.swift */,
				6FE1D03D2537BA4100E78A4C /* CachingPlayerItemDelegate.swift */,
				6FE1D03E2537BA4100E78A4C /* CachingPlayerItem.swift */,
				6FE1D03F2537BA4100E78A4C /* Endpoint.swift */,
			);
			path = ApiClient;
			sourceTree = "<group>";
		};
		6FE1D0482537BA4E00E78A4C /* Repository */ = {
			isa = PBXGroup;
			children = (
				6FE1D0492537BA4E00E78A4C /* CategoryRepository.swift */,
				6F617226253935BD00B7D9D8 /* LoginRepository.swift */,
				D1C4314C253CF4D000DA44A6 /* LocalStorageRepository.swift */,
			);
			path = Repository;
			sourceTree = "<group>";
		};
		6FE1D04A2537BA4E00E78A4C /* Service */ = {
			isa = PBXGroup;
			children = (
				6FE1D04C2537BA4E00E78A4C /* BaseService.swift */,
			);
			path = Service;
			sourceTree = "<group>";
		};
		6FE1D04D2537BA4E00E78A4C /* RepositoryTypes */ = {
			isa = PBXGroup;
			children = (
				D1C43149253CF48800DA44A6 /* LocalStorage */,
				6FE1D04E2537BA4E00E78A4C /* CategoryRepositoryType.swift */,
				6F6172242539359100B7D9D8 /* LoginRepositoryType.swift */,
			);
			path = RepositoryTypes;
			sourceTree = "<group>";
		};
		A5A1DE2599F6EA789DC5787C /* Frameworks */ = {
			isa = PBXGroup;
			children = (
				DF3BE46AA5A321212F639303 /* Pods_HappyMindData.framework */,
			);
			name = Frameworks;
			sourceTree = "<group>";
		};
		BB8A965A3B71D325BC256FC4 /* Pods */ = {
			isa = PBXGroup;
			children = (
				9CF86D13B2F5A1811B00DA3A /* Pods-HappyMindData.debug.xcconfig */,
				43AE150050759CA6C3E6862B /* Pods-HappyMindData.release.xcconfig */,
			);
			name = Pods;
			path = ../Pods;
			sourceTree = "<group>";
		};
		D1AC71E0253E5CC200D89D14 /* Errors */ = {
			isa = PBXGroup;
			children = (
				D1AC71E1253E5CD100D89D14 /* LocalStorageError.swift */,
				6FE1D04B2537BA4E00E78A4C /* ApiError.swift */,
				D1AC71E3253E5CF800D89D14 /* BaseError.swift */,
			);
			path = Errors;
			sourceTree = "<group>";
		};
		D1C43149253CF48800DA44A6 /* LocalStorage */ = {
			isa = PBXGroup;
			children = (
				D1C43147253CF46E00DA44A6 /* LocalStorageRepositoryType.swift */,
				D1C4314A253CF49700DA44A6 /* LocalStorageKey.swift */,
			);
			path = LocalStorage;
			sourceTree = "<group>";
		};
/* End PBXGroup section */

/* Begin PBXHeadersBuildPhase section */
		6FE1D0132537B9CB00E78A4C /* Headers */ = {
			isa = PBXHeadersBuildPhase;
			buildActionMask = 2147483647;
			files = (
				6FE1D0292537B9CB00E78A4C /* HappyMindData.h in Headers */,
			);
			runOnlyForDeploymentPostprocessing = 0;
		};
/* End PBXHeadersBuildPhase section */

/* Begin PBXNativeTarget section */
		6FE1D0172537B9CB00E78A4C /* HappyMindData */ = {
			isa = PBXNativeTarget;
			buildConfigurationList = 6FE1D02C2537B9CB00E78A4C /* Build configuration list for PBXNativeTarget "HappyMindData" */;
			buildPhases = (
				A351E17B60BAD2AECC761293 /* [CP] Check Pods Manifest.lock */,
				6FE1D0132537B9CB00E78A4C /* Headers */,
				6FE1D0142537B9CB00E78A4C /* Sources */,
				6FE1D0152537B9CB00E78A4C /* Frameworks */,
				6FE1D0162537B9CB00E78A4C /* Resources */,
			);
			buildRules = (
			);
			dependencies = (
			);
			name = HappyMindData;
			productName = HappyMindData;
			productReference = 6FE1D0182537B9CB00E78A4C /* HappyMindData.framework */;
			productType = "com.apple.product-type.framework";
		};
		6FE1D0202537B9CB00E78A4C /* HappyMindDataTests */ = {
			isa = PBXNativeTarget;
			buildConfigurationList = 6FE1D02F2537B9CB00E78A4C /* Build configuration list for PBXNativeTarget "HappyMindDataTests" */;
			buildPhases = (
				6FE1D01D2537B9CB00E78A4C /* Sources */,
				6FE1D01E2537B9CB00E78A4C /* Frameworks */,
				6FE1D01F2537B9CB00E78A4C /* Resources */,
			);
			buildRules = (
			);
			dependencies = (
				6FE1D0242537B9CB00E78A4C /* PBXTargetDependency */,
			);
			name = HappyMindDataTests;
			productName = HappyMindDataTests;
			productReference = 6FE1D0212537B9CB00E78A4C /* HappyMindDataTests.xctest */;
			productType = "com.apple.product-type.bundle.unit-test";
		};
/* End PBXNativeTarget section */

/* Begin PBXProject section */
		6FE1D00F2537B9CB00E78A4C /* Project object */ = {
			isa = PBXProject;
			attributes = {
				LastSwiftUpdateCheck = 1150;
				LastUpgradeCheck = 1150;
				ORGANIZATIONNAME = "Carlos Pava";
				TargetAttributes = {
					6FE1D0172537B9CB00E78A4C = {
						CreatedOnToolsVersion = 11.5;
					};
					6FE1D0202537B9CB00E78A4C = {
						CreatedOnToolsVersion = 11.5;
					};
				};
			};
			buildConfigurationList = 6FE1D0122537B9CB00E78A4C /* Build configuration list for PBXProject "HappyMindData" */;
			compatibilityVersion = "Xcode 9.3";
			developmentRegion = en;
			hasScannedForEncodings = 0;
			knownRegions = (
				en,
				Base,
			);
			mainGroup = 6FE1D00E2537B9CB00E78A4C;
			productRefGroup = 6FE1D0192537B9CB00E78A4C /* Products */;
			projectDirPath = "";
			projectRoot = "";
			targets = (
				6FE1D0172537B9CB00E78A4C /* HappyMindData */,
				6FE1D0202537B9CB00E78A4C /* HappyMindDataTests */,
			);
		};
/* End PBXProject section */

/* Begin PBXResourcesBuildPhase section */
		6FE1D0162537B9CB00E78A4C /* Resources */ = {
			isa = PBXResourcesBuildPhase;
			buildActionMask = 2147483647;
			files = (
			);
			runOnlyForDeploymentPostprocessing = 0;
		};
		6FE1D01F2537B9CB00E78A4C /* Resources */ = {
			isa = PBXResourcesBuildPhase;
			buildActionMask = 2147483647;
			files = (
			);
			runOnlyForDeploymentPostprocessing = 0;
		};
/* End PBXResourcesBuildPhase section */

/* Begin PBXShellScriptBuildPhase section */
		A351E17B60BAD2AECC761293 /* [CP] Check Pods Manifest.lock */ = {
			isa = PBXShellScriptBuildPhase;
			buildActionMask = 2147483647;
			files = (
			);
			inputFileListPaths = (
			);
			inputPaths = (
				"${PODS_PODFILE_DIR_PATH}/Podfile.lock",
				"${PODS_ROOT}/Manifest.lock",
			);
			name = "[CP] Check Pods Manifest.lock";
			outputFileListPaths = (
			);
			outputPaths = (
				"$(DERIVED_FILE_DIR)/Pods-HappyMindData-checkManifestLockResult.txt",
			);
			runOnlyForDeploymentPostprocessing = 0;
			shellPath = /bin/sh;
			shellScript = "diff \"${PODS_PODFILE_DIR_PATH}/Podfile.lock\" \"${PODS_ROOT}/Manifest.lock\" > /dev/null\nif [ $? != 0 ] ; then\n    # print error to STDERR\n    echo \"error: The sandbox is not in sync with the Podfile.lock. Run 'pod install' or update your CocoaPods installation.\" >&2\n    exit 1\nfi\n# This output is used by Xcode 'outputs' to avoid re-running this script phase.\necho \"SUCCESS\" > \"${SCRIPT_OUTPUT_FILE_0}\"\n";
			showEnvVarsInLog = 0;
		};
/* End PBXShellScriptBuildPhase section */

/* Begin PBXSourcesBuildPhase section */
		6FE1D0142537B9CB00E78A4C /* Sources */ = {
			isa = PBXSourcesBuildPhase;
			buildActionMask = 2147483647;
			files = (
				6FE1D0432537BA4100E78A4C /* BaseAPIClientType.swift in Sources */,
				6FE1D0402537BA4100E78A4C /* Category.swift in Sources */,
				6FE1D0472537BA4100E78A4C /* Endpoint.swift in Sources */,
				D1C4314B253CF49700DA44A6 /* LocalStorageKey.swift in Sources */,
				D1C43148253CF46E00DA44A6 /* LocalStorageRepositoryType.swift in Sources */,
				6F617227253935BD00B7D9D8 /* LoginRepository.swift in Sources */,
				6FE1D0502537BA4E00E78A4C /* ApiError.swift in Sources */,
				D1C4314D253CF4D000DA44A6 /* LocalStorageRepository.swift in Sources */,
				6FE1D0442537BA4100E78A4C /* BaseAPIConstants.swift in Sources */,
				6FE1D0412537BA4100E78A4C /* ResourceLoaderDelegate.swift in Sources */,
				6FE1D0462537BA4100E78A4C /* CachingPlayerItem.swift in Sources */,
				6F617229253938E700B7D9D8 /* User.swift in Sources */,
				6FE1D0522537BA4E00E78A4C /* CategoryRepositoryType.swift in Sources */,
				6FE1D04F2537BA4E00E78A4C /* CategoryRepository.swift in Sources */,
				6FE1D0452537BA4100E78A4C /* CachingPlayerItemDelegate.swift in Sources */,
				6F6172252539359100B7D9D8 /* LoginRepositoryType.swift in Sources */,
				6FE1D0422537BA4100E78A4C /* BaseAPIClient.swift in Sources */,
				D1AC71E2253E5CD100D89D14 /* LocalStorageError.swift in Sources */,
				6FE1D0512537BA4E00E78A4C /* BaseService.swift in Sources */,
				D1AC71E4253E5CF800D89D14 /* BaseError.swift in Sources */,
			);
			runOnlyForDeploymentPostprocessing = 0;
		};
		6FE1D01D2537B9CB00E78A4C /* Sources */ = {
			isa = PBXSourcesBuildPhase;
			buildActionMask = 2147483647;
			files = (
				6FE1D0272537B9CB00E78A4C /* HappyMindDataTests.swift in Sources */,
			);
			runOnlyForDeploymentPostprocessing = 0;
		};
/* End PBXSourcesBuildPhase section */

/* Begin PBXTargetDependency section */
		6FE1D0242537B9CB00E78A4C /* PBXTargetDependency */ = {
			isa = PBXTargetDependency;
			target = 6FE1D0172537B9CB00E78A4C /* HappyMindData */;
			targetProxy = 6FE1D0232537B9CB00E78A4C /* PBXContainerItemProxy */;
		};
/* End PBXTargetDependency section */

/* Begin XCBuildConfiguration section */
		6FE1D02A2537B9CB00E78A4C /* Debug */ = {
			isa = XCBuildConfiguration;
			buildSettings = {
				ALWAYS_SEARCH_USER_PATHS = NO;
				CLANG_ANALYZER_NONNULL = YES;
				CLANG_ANALYZER_NUMBER_OBJECT_CONVERSION = YES_AGGRESSIVE;
				CLANG_CXX_LANGUAGE_STANDARD = "gnu++14";
				CLANG_CXX_LIBRARY = "libc++";
				CLANG_ENABLE_MODULES = YES;
				CLANG_ENABLE_OBJC_ARC = YES;
				CLANG_ENABLE_OBJC_WEAK = YES;
				CLANG_WARN_BLOCK_CAPTURE_AUTORELEASING = YES;
				CLANG_WARN_BOOL_CONVERSION = YES;
				CLANG_WARN_COMMA = YES;
				CLANG_WARN_CONSTANT_CONVERSION = YES;
				CLANG_WARN_DEPRECATED_OBJC_IMPLEMENTATIONS = YES;
				CLANG_WARN_DIRECT_OBJC_ISA_USAGE = YES_ERROR;
				CLANG_WARN_DOCUMENTATION_COMMENTS = YES;
				CLANG_WARN_EMPTY_BODY = YES;
				CLANG_WARN_ENUM_CONVERSION = YES;
				CLANG_WARN_INFINITE_RECURSION = YES;
				CLANG_WARN_INT_CONVERSION = YES;
				CLANG_WARN_NON_LITERAL_NULL_CONVERSION = YES;
				CLANG_WARN_OBJC_IMPLICIT_RETAIN_SELF = YES;
				CLANG_WARN_OBJC_LITERAL_CONVERSION = YES;
				CLANG_WARN_OBJC_ROOT_CLASS = YES_ERROR;
				CLANG_WARN_RANGE_LOOP_ANALYSIS = YES;
				CLANG_WARN_STRICT_PROTOTYPES = YES;
				CLANG_WARN_SUSPICIOUS_MOVE = YES;
				CLANG_WARN_UNGUARDED_AVAILABILITY = YES_AGGRESSIVE;
				CLANG_WARN_UNREACHABLE_CODE = YES;
				CLANG_WARN__DUPLICATE_METHOD_MATCH = YES;
				COPY_PHASE_STRIP = NO;
				CURRENT_PROJECT_VERSION = 1;
				DEBUG_INFORMATION_FORMAT = dwarf;
				ENABLE_STRICT_OBJC_MSGSEND = YES;
				ENABLE_TESTABILITY = YES;
				GCC_C_LANGUAGE_STANDARD = gnu11;
				GCC_DYNAMIC_NO_PIC = NO;
				GCC_NO_COMMON_BLOCKS = YES;
				GCC_OPTIMIZATION_LEVEL = 0;
				GCC_PREPROCESSOR_DEFINITIONS = (
					"DEBUG=1",
					"$(inherited)",
				);
				GCC_WARN_64_TO_32_BIT_CONVERSION = YES;
				GCC_WARN_ABOUT_RETURN_TYPE = YES_ERROR;
				GCC_WARN_UNDECLARED_SELECTOR = YES;
				GCC_WARN_UNINITIALIZED_AUTOS = YES_AGGRESSIVE;
				GCC_WARN_UNUSED_FUNCTION = YES;
				GCC_WARN_UNUSED_VARIABLE = YES;
				IPHONEOS_DEPLOYMENT_TARGET = 13.0;
				MTL_ENABLE_DEBUG_INFO = INCLUDE_SOURCE;
				MTL_FAST_MATH = YES;
				ONLY_ACTIVE_ARCH = YES;
				SDKROOT = iphoneos;
				SWIFT_ACTIVE_COMPILATION_CONDITIONS = DEBUG;
				SWIFT_OPTIMIZATION_LEVEL = "-Onone";
				VERSIONING_SYSTEM = "apple-generic";
				VERSION_INFO_PREFIX = "";
			};
			name = Debug;
		};
		6FE1D02B2537B9CB00E78A4C /* Release */ = {
			isa = XCBuildConfiguration;
			buildSettings = {
				ALWAYS_SEARCH_USER_PATHS = NO;
				CLANG_ANALYZER_NONNULL = YES;
				CLANG_ANALYZER_NUMBER_OBJECT_CONVERSION = YES_AGGRESSIVE;
				CLANG_CXX_LANGUAGE_STANDARD = "gnu++14";
				CLANG_CXX_LIBRARY = "libc++";
				CLANG_ENABLE_MODULES = YES;
				CLANG_ENABLE_OBJC_ARC = YES;
				CLANG_ENABLE_OBJC_WEAK = YES;
				CLANG_WARN_BLOCK_CAPTURE_AUTORELEASING = YES;
				CLANG_WARN_BOOL_CONVERSION = YES;
				CLANG_WARN_COMMA = YES;
				CLANG_WARN_CONSTANT_CONVERSION = YES;
				CLANG_WARN_DEPRECATED_OBJC_IMPLEMENTATIONS = YES;
				CLANG_WARN_DIRECT_OBJC_ISA_USAGE = YES_ERROR;
				CLANG_WARN_DOCUMENTATION_COMMENTS = YES;
				CLANG_WARN_EMPTY_BODY = YES;
				CLANG_WARN_ENUM_CONVERSION = YES;
				CLANG_WARN_INFINITE_RECURSION = YES;
				CLANG_WARN_INT_CONVERSION = YES;
				CLANG_WARN_NON_LITERAL_NULL_CONVERSION = YES;
				CLANG_WARN_OBJC_IMPLICIT_RETAIN_SELF = YES;
				CLANG_WARN_OBJC_LITERAL_CONVERSION = YES;
				CLANG_WARN_OBJC_ROOT_CLASS = YES_ERROR;
				CLANG_WARN_RANGE_LOOP_ANALYSIS = YES;
				CLANG_WARN_STRICT_PROTOTYPES = YES;
				CLANG_WARN_SUSPICIOUS_MOVE = YES;
				CLANG_WARN_UNGUARDED_AVAILABILITY = YES_AGGRESSIVE;
				CLANG_WARN_UNREACHABLE_CODE = YES;
				CLANG_WARN__DUPLICATE_METHOD_MATCH = YES;
				COPY_PHASE_STRIP = NO;
				CURRENT_PROJECT_VERSION = 1;
				DEBUG_INFORMATION_FORMAT = "dwarf-with-dsym";
				ENABLE_NS_ASSERTIONS = NO;
				ENABLE_STRICT_OBJC_MSGSEND = YES;
				GCC_C_LANGUAGE_STANDARD = gnu11;
				GCC_NO_COMMON_BLOCKS = YES;
				GCC_WARN_64_TO_32_BIT_CONVERSION = YES;
				GCC_WARN_ABOUT_RETURN_TYPE = YES_ERROR;
				GCC_WARN_UNDECLARED_SELECTOR = YES;
				GCC_WARN_UNINITIALIZED_AUTOS = YES_AGGRESSIVE;
				GCC_WARN_UNUSED_FUNCTION = YES;
				GCC_WARN_UNUSED_VARIABLE = YES;
				IPHONEOS_DEPLOYMENT_TARGET = 13.0;
				MTL_ENABLE_DEBUG_INFO = NO;
				MTL_FAST_MATH = YES;
				SDKROOT = iphoneos;
				SWIFT_COMPILATION_MODE = wholemodule;
				SWIFT_OPTIMIZATION_LEVEL = "-O";
				VALIDATE_PRODUCT = YES;
				VERSIONING_SYSTEM = "apple-generic";
				VERSION_INFO_PREFIX = "";
			};
			name = Release;
		};
		6FE1D02D2537B9CB00E78A4C /* Debug */ = {
			isa = XCBuildConfiguration;
			baseConfigurationReference = 9CF86D13B2F5A1811B00DA3A /* Pods-HappyMindData.debug.xcconfig */;
			buildSettings = {
				CODE_SIGN_STYLE = Automatic;
				DEFINES_MODULE = YES;
				DYLIB_COMPATIBILITY_VERSION = 1;
				DYLIB_CURRENT_VERSION = 1;
				DYLIB_INSTALL_NAME_BASE = "@rpath";
				INFOPLIST_FILE = HappyMindData/Info.plist;
				INSTALL_PATH = "$(LOCAL_LIBRARY_DIR)/Frameworks";
				LD_RUNPATH_SEARCH_PATHS = (
					"$(inherited)",
					"@executable_path/Frameworks",
					"@loader_path/Frameworks",
				);
				PRODUCT_BUNDLE_IDENTIFIER = com.carlos.HappyMindData.HappyMindData;
				PRODUCT_NAME = "$(TARGET_NAME:c99extidentifier)";
				SKIP_INSTALL = YES;
				SWIFT_VERSION = 5.0;
				TARGETED_DEVICE_FAMILY = "1,2";
			};
			name = Debug;
		};
		6FE1D02E2537B9CB00E78A4C /* Release */ = {
			isa = XCBuildConfiguration;
			baseConfigurationReference = 43AE150050759CA6C3E6862B /* Pods-HappyMindData.release.xcconfig */;
			buildSettings = {
				CODE_SIGN_STYLE = Automatic;
				DEFINES_MODULE = YES;
				DYLIB_COMPATIBILITY_VERSION = 1;
				DYLIB_CURRENT_VERSION = 1;
				DYLIB_INSTALL_NAME_BASE = "@rpath";
				INFOPLIST_FILE = HappyMindData/Info.plist;
				INSTALL_PATH = "$(LOCAL_LIBRARY_DIR)/Frameworks";
				LD_RUNPATH_SEARCH_PATHS = (
					"$(inherited)",
					"@executable_path/Frameworks",
					"@loader_path/Frameworks",
				);
				PRODUCT_BUNDLE_IDENTIFIER = com.carlos.HappyMindData.HappyMindData;
				PRODUCT_NAME = "$(TARGET_NAME:c99extidentifier)";
				SKIP_INSTALL = YES;
				SWIFT_VERSION = 5.0;
				TARGETED_DEVICE_FAMILY = "1,2";
			};
			name = Release;
		};
		6FE1D0302537B9CB00E78A4C /* Debug */ = {
			isa = XCBuildConfiguration;
			buildSettings = {
				ALWAYS_EMBED_SWIFT_STANDARD_LIBRARIES = YES;
				CODE_SIGN_STYLE = Automatic;
				INFOPLIST_FILE = HappyMindDataTests/Info.plist;
				LD_RUNPATH_SEARCH_PATHS = (
					"$(inherited)",
					"@executable_path/Frameworks",
					"@loader_path/Frameworks",
				);
				PRODUCT_BUNDLE_IDENTIFIER = com.carlos.HappyMindData.HappyMindDataTests;
				PRODUCT_NAME = "$(TARGET_NAME)";
				SWIFT_VERSION = 5.0;
				TARGETED_DEVICE_FAMILY = "1,2";
			};
			name = Debug;
		};
		6FE1D0312537B9CB00E78A4C /* Release */ = {
			isa = XCBuildConfiguration;
			buildSettings = {
				ALWAYS_EMBED_SWIFT_STANDARD_LIBRARIES = YES;
				CODE_SIGN_STYLE = Automatic;
				INFOPLIST_FILE = HappyMindDataTests/Info.plist;
				LD_RUNPATH_SEARCH_PATHS = (
					"$(inherited)",
					"@executable_path/Frameworks",
					"@loader_path/Frameworks",
				);
				PRODUCT_BUNDLE_IDENTIFIER = com.carlos.HappyMindData.HappyMindDataTests;
				PRODUCT_NAME = "$(TARGET_NAME)";
				SWIFT_VERSION = 5.0;
				TARGETED_DEVICE_FAMILY = "1,2";
			};
			name = Release;
		};
/* End XCBuildConfiguration section */

/* Begin XCConfigurationList section */
		6FE1D0122537B9CB00E78A4C /* Build configuration list for PBXProject "HappyMindData" */ = {
			isa = XCConfigurationList;
			buildConfigurations = (
				6FE1D02A2537B9CB00E78A4C /* Debug */,
				6FE1D02B2537B9CB00E78A4C /* Release */,
			);
			defaultConfigurationIsVisible = 0;
			defaultConfigurationName = Release;
		};
		6FE1D02C2537B9CB00E78A4C /* Build configuration list for PBXNativeTarget "HappyMindData" */ = {
			isa = XCConfigurationList;
			buildConfigurations = (
				6FE1D02D2537B9CB00E78A4C /* Debug */,
				6FE1D02E2537B9CB00E78A4C /* Release */,
			);
			defaultConfigurationIsVisible = 0;
			defaultConfigurationName = Release;
		};
		6FE1D02F2537B9CB00E78A4C /* Build configuration list for PBXNativeTarget "HappyMindDataTests" */ = {
			isa = XCConfigurationList;
			buildConfigurations = (
				6FE1D0302537B9CB00E78A4C /* Debug */,
				6FE1D0312537B9CB00E78A4C /* Release */,
			);
			defaultConfigurationIsVisible = 0;
			defaultConfigurationName = Release;
		};
/* End XCConfigurationList section */
	};
	rootObject = 6FE1D00F2537B9CB00E78A4C /* Project object */;
}
