// !$*UTF8*$!
{
	archiveVersion = 1;
	classes = {
	};
	objectVersion = 51;
	objects = {

/* Begin PBXBuildFile section */
		4064016BCF48660CA6A0F384 /* Pods_HappyMind_HappyMindUITests.framework in Frameworks */ = {isa = PBXBuildFile; fileRef = 64A1CDF8805F7D8DD34D5E04 /* Pods_HappyMind_HappyMindUITests.framework */; };
		6F61722125392C1300B7D9D8 /* UIFont+Calibri.swift in Sources */ = {isa = PBXBuildFile; fileRef = 6F61722025392C1300B7D9D8 /* UIFont+Calibri.swift */; };
		6F97262725390CD700913342 /* InteractorModule.swift in Sources */ = {isa = PBXBuildFile; fileRef = 6F97262625390CD700913342 /* InteractorModule.swift */; };
		6F97262925390D0500913342 /* RepositoryModule.swift in Sources */ = {isa = PBXBuildFile; fileRef = 6F97262825390D0500913342 /* RepositoryModule.swift */; };
		6FE1CFDD2537B6BB00E78A4C /* (null) in Embed Frameworks */ = {isa = PBXBuildFile; settings = {ATTRIBUTES = (CodeSignOnCopy, RemoveHeadersOnCopy, ); }; };
		6FE1D0542537BA7100E78A4C /* HappyMindData.framework in Frameworks */ = {isa = PBXBuildFile; fileRef = 6FE1D0532537BA7100E78A4C /* HappyMindData.framework */; };
		6FE1D0552537BA7100E78A4C /* HappyMindData.framework in Embed Frameworks */ = {isa = PBXBuildFile; fileRef = 6FE1D0532537BA7100E78A4C /* HappyMindData.framework */; settings = {ATTRIBUTES = (CodeSignOnCopy, RemoveHeadersOnCopy, ); }; };
		6FE1D0B12537E40500E78A4C /* HappyMindCore.framework in Frameworks */ = {isa = PBXBuildFile; fileRef = 6FE1D0B02537E40500E78A4C /* HappyMindCore.framework */; };
		6FE1D0B22537E40500E78A4C /* HappyMindCore.framework in Embed Frameworks */ = {isa = PBXBuildFile; fileRef = 6FE1D0B02537E40500E78A4C /* HappyMindCore.framework */; settings = {ATTRIBUTES = (CodeSignOnCopy, RemoveHeadersOnCopy, ); }; };
		B441733C46CE1047B6D43D7D /* Pods_HappyMind.framework in Frameworks */ = {isa = PBXBuildFile; fileRef = B99151808963EF900ADA5569 /* Pods_HappyMind.framework */; };
		D107011125410AB00079E0FD /* BaseListViewController.swift in Sources */ = {isa = PBXBuildFile; fileRef = D107011025410AB00079E0FD /* BaseListViewController.swift */; };
		D107011525412C600079E0FD /* UIImageView+loadImage.swift in Sources */ = {isa = PBXBuildFile; fileRef = D107011425412C600079E0FD /* UIImageView+loadImage.swift */; };
		D12FBF7925427EA6005ADCA1 /* CMTime+Duration.swift in Sources */ = {isa = PBXBuildFile; fileRef = D12FBF7825427EA6005ADCA1 /* CMTime+Duration.swift */; };
		D132DC842544CDBB0079AE69 /* JosefinSans-Regular.ttf in Resources */ = {isa = PBXBuildFile; fileRef = D132DC832544CDBB0079AE69 /* JosefinSans-Regular.ttf */; };
		D132DC862544CDEA0079AE69 /* Calibri-Bold.ttf in Resources */ = {isa = PBXBuildFile; fileRef = D132DC852544CDEA0079AE69 /* Calibri-Bold.ttf */; };
		D132DC8E2544E7FA0079AE69 /* Calibri-Regular.ttf in Resources */ = {isa = PBXBuildFile; fileRef = D132DC8D2544E7FA0079AE69 /* Calibri-Regular.ttf */; };
		D13645972543CBCE00CEFBFD /* DiskView.swift in Sources */ = {isa = PBXBuildFile; fileRef = D13645962543CBCE00CEFBFD /* DiskView.swift */; };
		D13645992543FC6800CEFBFD /* PlayerManagerView.swift in Sources */ = {isa = PBXBuildFile; fileRef = D13645982543FC6800CEFBFD /* PlayerManagerView.swift */; };
		D1535DC2251FDA8600FF375D /* AppDelegate.swift in Sources */ = {isa = PBXBuildFile; fileRef = D1535DC1251FDA8600FF375D /* AppDelegate.swift */; };
		D1535DC4251FDA8600FF375D /* SceneDelegate.swift in Sources */ = {isa = PBXBuildFile; fileRef = D1535DC3251FDA8600FF375D /* SceneDelegate.swift */; };
		D1535DC6251FDA8600FF375D /* ViewController.swift in Sources */ = {isa = PBXBuildFile; fileRef = D1535DC5251FDA8600FF375D /* ViewController.swift */; };
		D1535DCC251FDA8600FF375D /* HappyMind.xcdatamodeld in Sources */ = {isa = PBXBuildFile; fileRef = D1535DCA251FDA8600FF375D /* HappyMind.xcdatamodeld */; };
		D1535DCE251FDA8800FF375D /* Assets.xcassets in Resources */ = {isa = PBXBuildFile; fileRef = D1535DCD251FDA8800FF375D /* Assets.xcassets */; };
		D1535DD1251FDA8800FF375D /* LaunchScreen.storyboard in Resources */ = {isa = PBXBuildFile; fileRef = D1535DCF251FDA8800FF375D /* LaunchScreen.storyboard */; };
		D1535DDC251FDA8800FF375D /* HappyMindTests.swift in Sources */ = {isa = PBXBuildFile; fileRef = D1535DDB251FDA8800FF375D /* HappyMindTests.swift */; };
		D1535DE7251FDA8800FF375D /* HappyMindUITests.swift in Sources */ = {isa = PBXBuildFile; fileRef = D1535DE6251FDA8800FF375D /* HappyMindUITests.swift */; };
		D15FC076252D21D700C69DDA /* UIImage+assets.swift in Sources */ = {isa = PBXBuildFile; fileRef = D15FC075252D21D700C69DDA /* UIImage+assets.swift */; };
		D15FC078252D221700C69DDA /* AssetsResources.swift in Sources */ = {isa = PBXBuildFile; fileRef = D15FC077252D221700C69DDA /* AssetsResources.swift */; };
		D15FC07B252D289600C69DDA /* LoginViewController.swift in Sources */ = {isa = PBXBuildFile; fileRef = D15FC07A252D289600C69DDA /* LoginViewController.swift */; };
		D15FC07D252D28B900C69DDA /* LoginPresenter.swift in Sources */ = {isa = PBXBuildFile; fileRef = D15FC07C252D28B900C69DDA /* LoginPresenter.swift */; };
		D15FC07F252D28CF00C69DDA /* LoginContract.swift in Sources */ = {isa = PBXBuildFile; fileRef = D15FC07E252D28CF00C69DDA /* LoginContract.swift */; };
		D15FC082252D291A00C69DDA /* LoginCoordinator.swift in Sources */ = {isa = PBXBuildFile; fileRef = D15FC081252D291A00C69DDA /* LoginCoordinator.swift */; };
		D15FC084252D292400C69DDA /* LoginConfigurator.swift in Sources */ = {isa = PBXBuildFile; fileRef = D15FC083252D292400C69DDA /* LoginConfigurator.swift */; };
		D15FC087252D2D1900C69DDA /* LoginContainerView.swift in Sources */ = {isa = PBXBuildFile; fileRef = D15FC086252D2D1900C69DDA /* LoginContainerView.swift */; };
		D15FC089252D3DD600C69DDA /* UITextField+Components.swift in Sources */ = {isa = PBXBuildFile; fileRef = D15FC088252D3DD600C69DDA /* UITextField+Components.swift */; };
		D17BFF6725451CC5004E472B /* SubCategoryViewController.swift in Sources */ = {isa = PBXBuildFile; fileRef = D17BFF6625451CC5004E472B /* SubCategoryViewController.swift */; };
		D17BFF6925451CD1004E472B /* SubCategoryContract.swift in Sources */ = {isa = PBXBuildFile; fileRef = D17BFF6825451CD1004E472B /* SubCategoryContract.swift */; };
		D17BFF6B25451CDD004E472B /* SubCategoryPresenter.swift in Sources */ = {isa = PBXBuildFile; fileRef = D17BFF6A25451CDD004E472B /* SubCategoryPresenter.swift */; };
		D190A410253F580D00EA54AE /* RemoveReferenceDelegate.swift in Sources */ = {isa = PBXBuildFile; fileRef = D190A40F253F580D00EA54AE /* RemoveReferenceDelegate.swift */; };
		D191F34825262C1D00A78126 /* UINavigationController+NavigationBar.swift in Sources */ = {isa = PBXBuildFile; fileRef = D191F34725262C1D00A78126 /* UINavigationController+NavigationBar.swift */; };
		D191F34A25262E6B00A78126 /* LocalizableStrings.swift in Sources */ = {isa = PBXBuildFile; fileRef = D191F34925262E6B00A78126 /* LocalizableStrings.swift */; };
		D191F34F2526341100A78126 /* Localizable.strings in Resources */ = {isa = PBXBuildFile; fileRef = D191F3512526341100A78126 /* Localizable.strings */; };
		D191F3562526355800A78126 /* BaseCoordinator.swift in Sources */ = {isa = PBXBuildFile; fileRef = D191F3552526355800A78126 /* BaseCoordinator.swift */; };
		D191F3582526357500A78126 /* CoordinatorType.swift in Sources */ = {isa = PBXBuildFile; fileRef = D191F3572526357500A78126 /* CoordinatorType.swift */; };
		D191F35A2526358E00A78126 /* RouterType.swift in Sources */ = {isa = PBXBuildFile; fileRef = D191F3592526358E00A78126 /* RouterType.swift */; };
		D191F35C252635AE00A78126 /* MainRouter.swift in Sources */ = {isa = PBXBuildFile; fileRef = D191F35B252635AE00A78126 /* MainRouter.swift */; };
		D191F35E252635C800A78126 /* Presentable.swift in Sources */ = {isa = PBXBuildFile; fileRef = D191F35D252635C800A78126 /* Presentable.swift */; };
		D191F3612526370000A78126 /* CategoryCoordinator.swift in Sources */ = {isa = PBXBuildFile; fileRef = D191F3602526370000A78126 /* CategoryCoordinator.swift */; };
		D191F3632526377300A78126 /* CategoryConfigurator.swift in Sources */ = {isa = PBXBuildFile; fileRef = D191F3622526377300A78126 /* CategoryConfigurator.swift */; };
		D193D673253E953F00635A2B /* AVFoundation.framework in Frameworks */ = {isa = PBXBuildFile; fileRef = D193D672253E953F00635A2B /* AVFoundation.framework */; };
		D1AC71CF253E577300D89D14 /* ApplicationViewController.swift in Sources */ = {isa = PBXBuildFile; fileRef = D1AC71CE253E577300D89D14 /* ApplicationViewController.swift */; };
		D1AC71D1253E578100D89D14 /* ApplicationContract.swift in Sources */ = {isa = PBXBuildFile; fileRef = D1AC71D0253E578100D89D14 /* ApplicationContract.swift */; };
		D1AC71D3253E579100D89D14 /* ApplicationPresenter.swift in Sources */ = {isa = PBXBuildFile; fileRef = D1AC71D2253E579100D89D14 /* ApplicationPresenter.swift */; };
		D1AC71D7253E57C100D89D14 /* ApplicationCoordinator.swift in Sources */ = {isa = PBXBuildFile; fileRef = D1AC71D6253E57C100D89D14 /* ApplicationCoordinator.swift */; };
		D1AC71D9253E57D000D89D14 /* ApplicationConfigurator.swift in Sources */ = {isa = PBXBuildFile; fileRef = D1AC71D8253E57D000D89D14 /* ApplicationConfigurator.swift */; };
		D1AC71E9253E6E3900D89D14 /* AudioPlayerViewController.swift in Sources */ = {isa = PBXBuildFile; fileRef = D1AC71E8253E6E3900D89D14 /* AudioPlayerViewController.swift */; };
		D1AC71EB253E6E4500D89D14 /* AudioPlayerContract.swift in Sources */ = {isa = PBXBuildFile; fileRef = D1AC71EA253E6E4500D89D14 /* AudioPlayerContract.swift */; };
		D1AC71ED253E6E5200D89D14 /* AudioPlayerPresenter.swift in Sources */ = {isa = PBXBuildFile; fileRef = D1AC71EC253E6E5200D89D14 /* AudioPlayerPresenter.swift */; };
		D1AC71F0253E6ED600D89D14 /* AudioPlayerCoodinator.swift in Sources */ = {isa = PBXBuildFile; fileRef = D1AC71EF253E6ED600D89D14 /* AudioPlayerCoodinator.swift */; };
		D1AC71F2253E6EE300D89D14 /* AudioPlayerConfigurator.swift in Sources */ = {isa = PBXBuildFile; fileRef = D1AC71F1253E6EE300D89D14 /* AudioPlayerConfigurator.swift */; };
		D1ADF74E25451F1F00EB202C /* SubCategoryCoordinator.swift in Sources */ = {isa = PBXBuildFile; fileRef = D1ADF74D25451F1F00EB202C /* SubCategoryCoordinator.swift */; };
		D1ADF75025451F3D00EB202C /* SubCategoryConfigurator.swift in Sources */ = {isa = PBXBuildFile; fileRef = D1ADF74F25451F3D00EB202C /* SubCategoryConfigurator.swift */; };
		D1C43150253CF92400DA44A6 /* WelcomeViewController.swift in Sources */ = {isa = PBXBuildFile; fileRef = D1C4314F253CF92400DA44A6 /* WelcomeViewController.swift */; };
		D1C43152253CF92E00DA44A6 /* WelcomePresenter.swift in Sources */ = {isa = PBXBuildFile; fileRef = D1C43151253CF92E00DA44A6 /* WelcomePresenter.swift */; };
		D1C43154253CF93900DA44A6 /* WelcomeContract.swift in Sources */ = {isa = PBXBuildFile; fileRef = D1C43153253CF93900DA44A6 /* WelcomeContract.swift */; };
		D1C43157253CF94F00DA44A6 /* WelcomeCoordinator.swift in Sources */ = {isa = PBXBuildFile; fileRef = D1C43156253CF94F00DA44A6 /* WelcomeCoordinator.swift */; };
		D1C43159253CF95B00DA44A6 /* WelcomeConfigurator.swift in Sources */ = {isa = PBXBuildFile; fileRef = D1C43158253CF95B00DA44A6 /* WelcomeConfigurator.swift */; };
		D1C4315B253CFCB700DA44A6 /* WelcomeObject.swift in Sources */ = {isa = PBXBuildFile; fileRef = D1C4315A253CFCB700DA44A6 /* WelcomeObject.swift */; };
		D1C4315D253CFD0300DA44A6 /* WelcomeDataSource.swift in Sources */ = {isa = PBXBuildFile; fileRef = D1C4315C253CFD0300DA44A6 /* WelcomeDataSource.swift */; };
		D1C43160253CFD7600DA44A6 /* GenericCell.swift in Sources */ = {isa = PBXBuildFile; fileRef = D1C4315F253CFD7600DA44A6 /* GenericCell.swift */; };
		D1C43162253CFE4700DA44A6 /* WelcomeCell.swift in Sources */ = {isa = PBXBuildFile; fileRef = D1C43161253CFE4700DA44A6 /* WelcomeCell.swift */; };
		D1C43164253D047D00DA44A6 /* WelcomeHeader.swift in Sources */ = {isa = PBXBuildFile; fileRef = D1C43163253D047D00DA44A6 /* WelcomeHeader.swift */; };
		D1C43166253D15B400DA44A6 /* UIColor+Color.swift in Sources */ = {isa = PBXBuildFile; fileRef = D1C43165253D15B400DA44A6 /* UIColor+Color.swift */; };
		D1CB5D0B2546350000A66F32 /* VideoPlayerViewController.swift in Sources */ = {isa = PBXBuildFile; fileRef = D1CB5D0A2546350000A66F32 /* VideoPlayerViewController.swift */; };
		D1CB5D182546353200A66F32 /* VideoPlayerCoordinator.swift in Sources */ = {isa = PBXBuildFile; fileRef = D1CB5D172546353200A66F32 /* VideoPlayerCoordinator.swift */; };
		D1EF976B2525258D00B738B0 /* CollectionView.swift in Sources */ = {isa = PBXBuildFile; fileRef = D1EF97622525258C00B738B0 /* CollectionView.swift */; };
		D1EF976C2525258D00B738B0 /* CollectionViewCellIdentifier.swift in Sources */ = {isa = PBXBuildFile; fileRef = D1EF97632525258C00B738B0 /* CollectionViewCellIdentifier.swift */; };
		D1EF976F2525258D00B738B0 /* CollectionViewHorizontalCustom.swift in Sources */ = {isa = PBXBuildFile; fileRef = D1EF97662525258C00B738B0 /* CollectionViewHorizontalCustom.swift */; };
		D1EF97702525258D00B738B0 /* CollectionDisplay.swift in Sources */ = {isa = PBXBuildFile; fileRef = D1EF97672525258C00B738B0 /* CollectionDisplay.swift */; };
		D1EF97722525258D00B738B0 /* GenericDataSource.swift in Sources */ = {isa = PBXBuildFile; fileRef = D1EF97692525258D00B738B0 /* GenericDataSource.swift */; };
		D1EF97732525258D00B738B0 /* BaseCollectionCell.swift in Sources */ = {isa = PBXBuildFile; fileRef = D1EF976A2525258D00B738B0 /* BaseCollectionCell.swift */; };
		D1EF97762525268500B738B0 /* CategoryViewController.swift in Sources */ = {isa = PBXBuildFile; fileRef = D1EF97752525268500B738B0 /* CategoryViewController.swift */; };
		D1EF97792525269B00B738B0 /* BaseViewController.swift in Sources */ = {isa = PBXBuildFile; fileRef = D1EF97782525269B00B738B0 /* BaseViewController.swift */; };
		D1EF977B252526C100B738B0 /* BasePresenter.swift in Sources */ = {isa = PBXBuildFile; fileRef = D1EF977A252526C100B738B0 /* BasePresenter.swift */; };
		D1EF977D252526F100B738B0 /* BaseContract.swift in Sources */ = {isa = PBXBuildFile; fileRef = D1EF977C252526F100B738B0 /* BaseContract.swift */; };
		D1EF977F2525290700B738B0 /* CategoryDataSource.swift in Sources */ = {isa = PBXBuildFile; fileRef = D1EF977E2525290700B738B0 /* CategoryDataSource.swift */; };
		D1EF978125252D2200B738B0 /* CategoryCell.swift in Sources */ = {isa = PBXBuildFile; fileRef = D1EF978025252D2200B738B0 /* CategoryCell.swift */; };
		D1EF978325252D4F00B738B0 /* CategoryModel.swift in Sources */ = {isa = PBXBuildFile; fileRef = D1EF978225252D4F00B738B0 /* CategoryModel.swift */; };
		D1EF97852525341A00B738B0 /* CategoryPresenter.swift in Sources */ = {isa = PBXBuildFile; fileRef = D1EF97842525341A00B738B0 /* CategoryPresenter.swift */; };
		D1EF97872525346C00B738B0 /* CategoryContract.swift in Sources */ = {isa = PBXBuildFile; fileRef = D1EF97862525346C00B738B0 /* CategoryContract.swift */; };
		D1EF978925254A4400B738B0 /* Section.swift in Sources */ = {isa = PBXBuildFile; fileRef = D1EF978825254A4400B738B0 /* Section.swift */; };
		D1EF978E25255BCA00B738B0 /* UIView+Shadow.swift in Sources */ = {isa = PBXBuildFile; fileRef = D1EF978D25255BCA00B738B0 /* UIView+Shadow.swift */; };
		D1EF97902525773900B738B0 /* SubCategoryCell.swift in Sources */ = {isa = PBXBuildFile; fileRef = D1EF978F2525773900B738B0 /* SubCategoryCell.swift */; };
		D1EF97932525788600B738B0 /* SubCategoryDataSource.swift in Sources */ = {isa = PBXBuildFile; fileRef = D1EF97922525788600B738B0 /* SubCategoryDataSource.swift */; };
		D86409A82944F7E485ECCEA5 /* Pods_HappyMindTests.framework in Frameworks */ = {isa = PBXBuildFile; fileRef = F9BF43A1962E2CEFFA6C2D9B /* Pods_HappyMindTests.framework */; };
/* End PBXBuildFile section */

/* Begin PBXContainerItemProxy section */
		D1535DD8251FDA8800FF375D /* PBXContainerItemProxy */ = {
			isa = PBXContainerItemProxy;
			containerPortal = D1535DB6251FDA8600FF375D /* Project object */;
			proxyType = 1;
			remoteGlobalIDString = D1535DBD251FDA8600FF375D;
			remoteInfo = HappyMind;
		};
		D1535DE3251FDA8800FF375D /* PBXContainerItemProxy */ = {
			isa = PBXContainerItemProxy;
			containerPortal = D1535DB6251FDA8600FF375D /* Project object */;
			proxyType = 1;
			remoteGlobalIDString = D1535DBD251FDA8600FF375D;
			remoteInfo = HappyMind;
		};
/* End PBXContainerItemProxy section */

/* Begin PBXCopyFilesBuildPhase section */
		6FE1CFDA2537B69B00E78A4C /* Embed Frameworks */ = {
			isa = PBXCopyFilesBuildPhase;
			buildActionMask = 2147483647;
			dstPath = "";
			dstSubfolderSpec = 10;
			files = (
				6FE1CFDD2537B6BB00E78A4C /* (null) in Embed Frameworks */,
				6FE1D0552537BA7100E78A4C /* HappyMindData.framework in Embed Frameworks */,
				6FE1D0B22537E40500E78A4C /* HappyMindCore.framework in Embed Frameworks */,
			);
			name = "Embed Frameworks";
			runOnlyForDeploymentPostprocessing = 0;
		};
/* End PBXCopyFilesBuildPhase section */

/* Begin PBXFileReference section */
		3FB41762A6C4DCC09AC402BA /* Pods-HappyMind.debug.xcconfig */ = {isa = PBXFileReference; includeInIndex = 1; lastKnownFileType = text.xcconfig; name = "Pods-HappyMind.debug.xcconfig"; path = "Target Support Files/Pods-HappyMind/Pods-HappyMind.debug.xcconfig"; sourceTree = "<group>"; };
		64A1CDF8805F7D8DD34D5E04 /* Pods_HappyMind_HappyMindUITests.framework */ = {isa = PBXFileReference; explicitFileType = wrapper.framework; includeInIndex = 0; path = Pods_HappyMind_HappyMindUITests.framework; sourceTree = BUILT_PRODUCTS_DIR; };
		6F219ACCFE0151548F736D2C /* Pods-HappyMindTests.release.xcconfig */ = {isa = PBXFileReference; includeInIndex = 1; lastKnownFileType = text.xcconfig; name = "Pods-HappyMindTests.release.xcconfig"; path = "Target Support Files/Pods-HappyMindTests/Pods-HappyMindTests.release.xcconfig"; sourceTree = "<group>"; };
		6F61722025392C1300B7D9D8 /* UIFont+Calibri.swift */ = {isa = PBXFileReference; lastKnownFileType = sourcecode.swift; path = "UIFont+Calibri.swift"; sourceTree = "<group>"; };
		6F97262625390CD700913342 /* InteractorModule.swift */ = {isa = PBXFileReference; lastKnownFileType = sourcecode.swift; path = InteractorModule.swift; sourceTree = "<group>"; };
		6F97262825390D0500913342 /* RepositoryModule.swift */ = {isa = PBXFileReference; lastKnownFileType = sourcecode.swift; path = RepositoryModule.swift; sourceTree = "<group>"; };
		6FE1CFCE2537B4F300E78A4C /* HappyMindData.framework */ = {isa = PBXFileReference; explicitFileType = wrapper.framework; path = HappyMindData.framework; sourceTree = BUILT_PRODUCTS_DIR; };
		6FE1CFD22537B5C500E78A4C /* HappyMindData.framework */ = {isa = PBXFileReference; explicitFileType = wrapper.framework; path = HappyMindData.framework; sourceTree = BUILT_PRODUCTS_DIR; };
		6FE1CFD72537B69B00E78A4C /* HappyMindData.framework */ = {isa = PBXFileReference; explicitFileType = wrapper.framework; path = HappyMindData.framework; sourceTree = BUILT_PRODUCTS_DIR; };
		6FE1CFDE2537B8D600E78A4C /* HappyMindData */ = {isa = PBXFileReference; lastKnownFileType = folder; path = HappyMindData; sourceTree = "<group>"; };
		6FE1D0532537BA7100E78A4C /* HappyMindData.framework */ = {isa = PBXFileReference; explicitFileType = wrapper.framework; path = HappyMindData.framework; sourceTree = BUILT_PRODUCTS_DIR; };
		6FE1D0B02537E40500E78A4C /* HappyMindCore.framework */ = {isa = PBXFileReference; explicitFileType = wrapper.framework; path = HappyMindCore.framework; sourceTree = BUILT_PRODUCTS_DIR; };
		76B0107631326B3B8FB0D89C /* Pods-HappyMindTests.debug.xcconfig */ = {isa = PBXFileReference; includeInIndex = 1; lastKnownFileType = text.xcconfig; name = "Pods-HappyMindTests.debug.xcconfig"; path = "Target Support Files/Pods-HappyMindTests/Pods-HappyMindTests.debug.xcconfig"; sourceTree = "<group>"; };
		99BB78867A0A94446C53AE08 /* Pods-HappyMind.release.xcconfig */ = {isa = PBXFileReference; includeInIndex = 1; lastKnownFileType = text.xcconfig; name = "Pods-HappyMind.release.xcconfig"; path = "Target Support Files/Pods-HappyMind/Pods-HappyMind.release.xcconfig"; sourceTree = "<group>"; };
		B7476C0026239E84293844E9 /* Pods-HappyMind-HappyMindUITests.debug.xcconfig */ = {isa = PBXFileReference; includeInIndex = 1; lastKnownFileType = text.xcconfig; name = "Pods-HappyMind-HappyMindUITests.debug.xcconfig"; path = "Target Support Files/Pods-HappyMind-HappyMindUITests/Pods-HappyMind-HappyMindUITests.debug.xcconfig"; sourceTree = "<group>"; };
		B99151808963EF900ADA5569 /* Pods_HappyMind.framework */ = {isa = PBXFileReference; explicitFileType = wrapper.framework; includeInIndex = 0; path = Pods_HappyMind.framework; sourceTree = BUILT_PRODUCTS_DIR; };
		D107011025410AB00079E0FD /* BaseListViewController.swift */ = {isa = PBXFileReference; lastKnownFileType = sourcecode.swift; path = BaseListViewController.swift; sourceTree = "<group>"; };
		D107011425412C600079E0FD /* UIImageView+loadImage.swift */ = {isa = PBXFileReference; lastKnownFileType = sourcecode.swift; path = "UIImageView+loadImage.swift"; sourceTree = "<group>"; };
		D12FBF7825427EA6005ADCA1 /* CMTime+Duration.swift */ = {isa = PBXFileReference; lastKnownFileType = sourcecode.swift; path = "CMTime+Duration.swift"; sourceTree = "<group>"; };
		D132DC832544CDBB0079AE69 /* JosefinSans-Regular.ttf */ = {isa = PBXFileReference; lastKnownFileType = file; path = "JosefinSans-Regular.ttf"; sourceTree = "<group>"; };
		D132DC852544CDEA0079AE69 /* Calibri-Bold.ttf */ = {isa = PBXFileReference; lastKnownFileType = file; path = "Calibri-Bold.ttf"; sourceTree = "<group>"; };
		D132DC8D2544E7FA0079AE69 /* Calibri-Regular.ttf */ = {isa = PBXFileReference; lastKnownFileType = file; path = "Calibri-Regular.ttf"; sourceTree = "<group>"; };
		D13645962543CBCE00CEFBFD /* DiskView.swift */ = {isa = PBXFileReference; lastKnownFileType = sourcecode.swift; path = DiskView.swift; sourceTree = "<group>"; };
		D13645982543FC6800CEFBFD /* PlayerManagerView.swift */ = {isa = PBXFileReference; lastKnownFileType = sourcecode.swift; path = PlayerManagerView.swift; sourceTree = "<group>"; };
		D1535DBE251FDA8600FF375D /* HappyMind.app */ = {isa = PBXFileReference; explicitFileType = wrapper.application; includeInIndex = 0; path = HappyMind.app; sourceTree = BUILT_PRODUCTS_DIR; };
		D1535DC1251FDA8600FF375D /* AppDelegate.swift */ = {isa = PBXFileReference; lastKnownFileType = sourcecode.swift; path = AppDelegate.swift; sourceTree = "<group>"; };
		D1535DC3251FDA8600FF375D /* SceneDelegate.swift */ = {isa = PBXFileReference; lastKnownFileType = sourcecode.swift; path = SceneDelegate.swift; sourceTree = "<group>"; };
		D1535DC5251FDA8600FF375D /* ViewController.swift */ = {isa = PBXFileReference; lastKnownFileType = sourcecode.swift; path = ViewController.swift; sourceTree = "<group>"; };
		D1535DCB251FDA8600FF375D /* HappyMind.xcdatamodel */ = {isa = PBXFileReference; lastKnownFileType = wrapper.xcdatamodel; path = HappyMind.xcdatamodel; sourceTree = "<group>"; };
		D1535DCD251FDA8800FF375D /* Assets.xcassets */ = {isa = PBXFileReference; lastKnownFileType = folder.assetcatalog; path = Assets.xcassets; sourceTree = "<group>"; };
		D1535DD0251FDA8800FF375D /* Base */ = {isa = PBXFileReference; lastKnownFileType = file.storyboard; name = Base; path = Base.lproj/LaunchScreen.storyboard; sourceTree = "<group>"; };
		D1535DD2251FDA8800FF375D /* Info.plist */ = {isa = PBXFileReference; lastKnownFileType = text.plist.xml; path = Info.plist; sourceTree = "<group>"; };
		D1535DD7251FDA8800FF375D /* HappyMindTests.xctest */ = {isa = PBXFileReference; explicitFileType = wrapper.cfbundle; includeInIndex = 0; path = HappyMindTests.xctest; sourceTree = BUILT_PRODUCTS_DIR; };
		D1535DDB251FDA8800FF375D /* HappyMindTests.swift */ = {isa = PBXFileReference; lastKnownFileType = sourcecode.swift; path = HappyMindTests.swift; sourceTree = "<group>"; };
		D1535DDD251FDA8800FF375D /* Info.plist */ = {isa = PBXFileReference; lastKnownFileType = text.plist.xml; path = Info.plist; sourceTree = "<group>"; };
		D1535DE2251FDA8800FF375D /* HappyMindUITests.xctest */ = {isa = PBXFileReference; explicitFileType = wrapper.cfbundle; includeInIndex = 0; path = HappyMindUITests.xctest; sourceTree = BUILT_PRODUCTS_DIR; };
		D1535DE6251FDA8800FF375D /* HappyMindUITests.swift */ = {isa = PBXFileReference; lastKnownFileType = sourcecode.swift; path = HappyMindUITests.swift; sourceTree = "<group>"; };
		D1535DE8251FDA8800FF375D /* Info.plist */ = {isa = PBXFileReference; lastKnownFileType = text.plist.xml; path = Info.plist; sourceTree = "<group>"; };
		D1535E1B251FE03900FF375D /* HappyMindData.framework */ = {isa = PBXFileReference; explicitFileType = wrapper.framework; path = HappyMindData.framework; sourceTree = BUILT_PRODUCTS_DIR; };
		D15FC075252D21D700C69DDA /* UIImage+assets.swift */ = {isa = PBXFileReference; lastKnownFileType = sourcecode.swift; path = "UIImage+assets.swift"; sourceTree = "<group>"; };
		D15FC077252D221700C69DDA /* AssetsResources.swift */ = {isa = PBXFileReference; lastKnownFileType = sourcecode.swift; path = AssetsResources.swift; sourceTree = "<group>"; };
		D15FC07A252D289600C69DDA /* LoginViewController.swift */ = {isa = PBXFileReference; lastKnownFileType = sourcecode.swift; path = LoginViewController.swift; sourceTree = "<group>"; };
		D15FC07C252D28B900C69DDA /* LoginPresenter.swift */ = {isa = PBXFileReference; lastKnownFileType = sourcecode.swift; path = LoginPresenter.swift; sourceTree = "<group>"; };
		D15FC07E252D28CF00C69DDA /* LoginContract.swift */ = {isa = PBXFileReference; lastKnownFileType = sourcecode.swift; path = LoginContract.swift; sourceTree = "<group>"; };
		D15FC081252D291A00C69DDA /* LoginCoordinator.swift */ = {isa = PBXFileReference; lastKnownFileType = sourcecode.swift; path = LoginCoordinator.swift; sourceTree = "<group>"; };
		D15FC083252D292400C69DDA /* LoginConfigurator.swift */ = {isa = PBXFileReference; lastKnownFileType = sourcecode.swift; path = LoginConfigurator.swift; sourceTree = "<group>"; };
		D15FC086252D2D1900C69DDA /* LoginContainerView.swift */ = {isa = PBXFileReference; lastKnownFileType = sourcecode.swift; path = LoginContainerView.swift; sourceTree = "<group>"; };
		D15FC088252D3DD600C69DDA /* UITextField+Components.swift */ = {isa = PBXFileReference; lastKnownFileType = sourcecode.swift; path = "UITextField+Components.swift"; sourceTree = "<group>"; };
		D17BFF6625451CC5004E472B /* SubCategoryViewController.swift */ = {isa = PBXFileReference; lastKnownFileType = sourcecode.swift; path = SubCategoryViewController.swift; sourceTree = "<group>"; };
		D17BFF6825451CD1004E472B /* SubCategoryContract.swift */ = {isa = PBXFileReference; lastKnownFileType = sourcecode.swift; path = SubCategoryContract.swift; sourceTree = "<group>"; };
		D17BFF6A25451CDD004E472B /* SubCategoryPresenter.swift */ = {isa = PBXFileReference; lastKnownFileType = sourcecode.swift; path = SubCategoryPresenter.swift; sourceTree = "<group>"; };
		D190A40F253F580D00EA54AE /* RemoveReferenceDelegate.swift */ = {isa = PBXFileReference; lastKnownFileType = sourcecode.swift; path = RemoveReferenceDelegate.swift; sourceTree = "<group>"; };
		D191F34725262C1D00A78126 /* UINavigationController+NavigationBar.swift */ = {isa = PBXFileReference; lastKnownFileType = sourcecode.swift; path = "UINavigationController+NavigationBar.swift"; sourceTree = "<group>"; };
		D191F34925262E6B00A78126 /* LocalizableStrings.swift */ = {isa = PBXFileReference; lastKnownFileType = sourcecode.swift; path = LocalizableStrings.swift; sourceTree = "<group>"; };
		D191F353252634BD00A78126 /* en */ = {isa = PBXFileReference; lastKnownFileType = text.plist.strings; name = en; path = en.lproj/Localizable.strings; sourceTree = "<group>"; };
		D191F3552526355800A78126 /* BaseCoordinator.swift */ = {isa = PBXFileReference; lastKnownFileType = sourcecode.swift; path = BaseCoordinator.swift; sourceTree = "<group>"; };
		D191F3572526357500A78126 /* CoordinatorType.swift */ = {isa = PBXFileReference; lastKnownFileType = sourcecode.swift; path = CoordinatorType.swift; sourceTree = "<group>"; };
		D191F3592526358E00A78126 /* RouterType.swift */ = {isa = PBXFileReference; lastKnownFileType = sourcecode.swift; path = RouterType.swift; sourceTree = "<group>"; };
		D191F35B252635AE00A78126 /* MainRouter.swift */ = {isa = PBXFileReference; lastKnownFileType = sourcecode.swift; path = MainRouter.swift; sourceTree = "<group>"; };
		D191F35D252635C800A78126 /* Presentable.swift */ = {isa = PBXFileReference; lastKnownFileType = sourcecode.swift; path = Presentable.swift; sourceTree = "<group>"; };
		D191F3602526370000A78126 /* CategoryCoordinator.swift */ = {isa = PBXFileReference; lastKnownFileType = sourcecode.swift; path = CategoryCoordinator.swift; sourceTree = "<group>"; };
		D191F3622526377300A78126 /* CategoryConfigurator.swift */ = {isa = PBXFileReference; lastKnownFileType = sourcecode.swift; path = CategoryConfigurator.swift; sourceTree = "<group>"; };
		D193D672253E953F00635A2B /* AVFoundation.framework */ = {isa = PBXFileReference; lastKnownFileType = wrapper.framework; name = AVFoundation.framework; path = System/Library/Frameworks/AVFoundation.framework; sourceTree = SDKROOT; };
		D1AC71CE253E577300D89D14 /* ApplicationViewController.swift */ = {isa = PBXFileReference; lastKnownFileType = sourcecode.swift; path = ApplicationViewController.swift; sourceTree = "<group>"; };
		D1AC71D0253E578100D89D14 /* ApplicationContract.swift */ = {isa = PBXFileReference; lastKnownFileType = sourcecode.swift; path = ApplicationContract.swift; sourceTree = "<group>"; };
		D1AC71D2253E579100D89D14 /* ApplicationPresenter.swift */ = {isa = PBXFileReference; lastKnownFileType = sourcecode.swift; path = ApplicationPresenter.swift; sourceTree = "<group>"; };
		D1AC71D6253E57C100D89D14 /* ApplicationCoordinator.swift */ = {isa = PBXFileReference; lastKnownFileType = sourcecode.swift; path = ApplicationCoordinator.swift; sourceTree = "<group>"; };
		D1AC71D8253E57D000D89D14 /* ApplicationConfigurator.swift */ = {isa = PBXFileReference; lastKnownFileType = sourcecode.swift; path = ApplicationConfigurator.swift; sourceTree = "<group>"; };
		D1AC71E8253E6E3900D89D14 /* AudioPlayerViewController.swift */ = {isa = PBXFileReference; lastKnownFileType = sourcecode.swift; path = AudioPlayerViewController.swift; sourceTree = "<group>"; };
		D1AC71EA253E6E4500D89D14 /* AudioPlayerContract.swift */ = {isa = PBXFileReference; lastKnownFileType = sourcecode.swift; path = AudioPlayerContract.swift; sourceTree = "<group>"; };
		D1AC71EC253E6E5200D89D14 /* AudioPlayerPresenter.swift */ = {isa = PBXFileReference; lastKnownFileType = sourcecode.swift; path = AudioPlayerPresenter.swift; sourceTree = "<group>"; };
		D1AC71EF253E6ED600D89D14 /* AudioPlayerCoodinator.swift */ = {isa = PBXFileReference; lastKnownFileType = sourcecode.swift; path = AudioPlayerCoodinator.swift; sourceTree = "<group>"; };
		D1AC71F1253E6EE300D89D14 /* AudioPlayerConfigurator.swift */ = {isa = PBXFileReference; lastKnownFileType = sourcecode.swift; path = AudioPlayerConfigurator.swift; sourceTree = "<group>"; };
		D1ADF74D25451F1F00EB202C /* SubCategoryCoordinator.swift */ = {isa = PBXFileReference; lastKnownFileType = sourcecode.swift; path = SubCategoryCoordinator.swift; sourceTree = "<group>"; };
		D1ADF74F25451F3D00EB202C /* SubCategoryConfigurator.swift */ = {isa = PBXFileReference; lastKnownFileType = sourcecode.swift; path = SubCategoryConfigurator.swift; sourceTree = "<group>"; };
		D1C4314F253CF92400DA44A6 /* WelcomeViewController.swift */ = {isa = PBXFileReference; lastKnownFileType = sourcecode.swift; path = WelcomeViewController.swift; sourceTree = "<group>"; };
		D1C43151253CF92E00DA44A6 /* WelcomePresenter.swift */ = {isa = PBXFileReference; lastKnownFileType = sourcecode.swift; path = WelcomePresenter.swift; sourceTree = "<group>"; };
		D1C43153253CF93900DA44A6 /* WelcomeContract.swift */ = {isa = PBXFileReference; lastKnownFileType = sourcecode.swift; path = WelcomeContract.swift; sourceTree = "<group>"; };
		D1C43156253CF94F00DA44A6 /* WelcomeCoordinator.swift */ = {isa = PBXFileReference; lastKnownFileType = sourcecode.swift; path = WelcomeCoordinator.swift; sourceTree = "<group>"; };
		D1C43158253CF95B00DA44A6 /* WelcomeConfigurator.swift */ = {isa = PBXFileReference; lastKnownFileType = sourcecode.swift; path = WelcomeConfigurator.swift; sourceTree = "<group>"; };
		D1C4315A253CFCB700DA44A6 /* WelcomeObject.swift */ = {isa = PBXFileReference; lastKnownFileType = sourcecode.swift; path = WelcomeObject.swift; sourceTree = "<group>"; };
		D1C4315C253CFD0300DA44A6 /* WelcomeDataSource.swift */ = {isa = PBXFileReference; lastKnownFileType = sourcecode.swift; path = WelcomeDataSource.swift; sourceTree = "<group>"; };
		D1C4315F253CFD7600DA44A6 /* GenericCell.swift */ = {isa = PBXFileReference; lastKnownFileType = sourcecode.swift; path = GenericCell.swift; sourceTree = "<group>"; };
		D1C43161253CFE4700DA44A6 /* WelcomeCell.swift */ = {isa = PBXFileReference; lastKnownFileType = sourcecode.swift; path = WelcomeCell.swift; sourceTree = "<group>"; };
		D1C43163253D047D00DA44A6 /* WelcomeHeader.swift */ = {isa = PBXFileReference; lastKnownFileType = sourcecode.swift; path = WelcomeHeader.swift; sourceTree = "<group>"; };
		D1C43165253D15B400DA44A6 /* UIColor+Color.swift */ = {isa = PBXFileReference; lastKnownFileType = sourcecode.swift; path = "UIColor+Color.swift"; sourceTree = "<group>"; };
		D1CB5D0A2546350000A66F32 /* VideoPlayerViewController.swift */ = {isa = PBXFileReference; lastKnownFileType = sourcecode.swift; path = VideoPlayerViewController.swift; sourceTree = "<group>"; };
		D1CB5D172546353200A66F32 /* VideoPlayerCoordinator.swift */ = {isa = PBXFileReference; lastKnownFileType = sourcecode.swift; path = VideoPlayerCoordinator.swift; sourceTree = "<group>"; };
		D1EF97622525258C00B738B0 /* CollectionView.swift */ = {isa = PBXFileReference; fileEncoding = 4; lastKnownFileType = sourcecode.swift; path = CollectionView.swift; sourceTree = "<group>"; };
		D1EF97632525258C00B738B0 /* CollectionViewCellIdentifier.swift */ = {isa = PBXFileReference; fileEncoding = 4; lastKnownFileType = sourcecode.swift; path = CollectionViewCellIdentifier.swift; sourceTree = "<group>"; };
		D1EF97662525258C00B738B0 /* CollectionViewHorizontalCustom.swift */ = {isa = PBXFileReference; fileEncoding = 4; lastKnownFileType = sourcecode.swift; path = CollectionViewHorizontalCustom.swift; sourceTree = "<group>"; };
		D1EF97672525258C00B738B0 /* CollectionDisplay.swift */ = {isa = PBXFileReference; fileEncoding = 4; lastKnownFileType = sourcecode.swift; path = CollectionDisplay.swift; sourceTree = "<group>"; };
		D1EF97692525258D00B738B0 /* GenericDataSource.swift */ = {isa = PBXFileReference; fileEncoding = 4; lastKnownFileType = sourcecode.swift; path = GenericDataSource.swift; sourceTree = "<group>"; };
		D1EF976A2525258D00B738B0 /* BaseCollectionCell.swift */ = {isa = PBXFileReference; fileEncoding = 4; lastKnownFileType = sourcecode.swift; path = BaseCollectionCell.swift; sourceTree = "<group>"; };
		D1EF97752525268500B738B0 /* CategoryViewController.swift */ = {isa = PBXFileReference; lastKnownFileType = sourcecode.swift; path = CategoryViewController.swift; sourceTree = "<group>"; };
		D1EF97782525269B00B738B0 /* BaseViewController.swift */ = {isa = PBXFileReference; lastKnownFileType = sourcecode.swift; path = BaseViewController.swift; sourceTree = "<group>"; };
		D1EF977A252526C100B738B0 /* BasePresenter.swift */ = {isa = PBXFileReference; lastKnownFileType = sourcecode.swift; path = BasePresenter.swift; sourceTree = "<group>"; };
		D1EF977C252526F100B738B0 /* BaseContract.swift */ = {isa = PBXFileReference; lastKnownFileType = sourcecode.swift; path = BaseContract.swift; sourceTree = "<group>"; };
		D1EF977E2525290700B738B0 /* CategoryDataSource.swift */ = {isa = PBXFileReference; lastKnownFileType = sourcecode.swift; path = CategoryDataSource.swift; sourceTree = "<group>"; };
		D1EF978025252D2200B738B0 /* CategoryCell.swift */ = {isa = PBXFileReference; lastKnownFileType = sourcecode.swift; path = CategoryCell.swift; sourceTree = "<group>"; };
		D1EF978225252D4F00B738B0 /* CategoryModel.swift */ = {isa = PBXFileReference; lastKnownFileType = sourcecode.swift; path = CategoryModel.swift; sourceTree = "<group>"; };
		D1EF97842525341A00B738B0 /* CategoryPresenter.swift */ = {isa = PBXFileReference; lastKnownFileType = sourcecode.swift; path = CategoryPresenter.swift; sourceTree = "<group>"; };
		D1EF97862525346C00B738B0 /* CategoryContract.swift */ = {isa = PBXFileReference; lastKnownFileType = sourcecode.swift; path = CategoryContract.swift; sourceTree = "<group>"; };
		D1EF978825254A4400B738B0 /* Section.swift */ = {isa = PBXFileReference; lastKnownFileType = sourcecode.swift; path = Section.swift; sourceTree = "<group>"; };
		D1EF978D25255BCA00B738B0 /* UIView+Shadow.swift */ = {isa = PBXFileReference; lastKnownFileType = sourcecode.swift; path = "UIView+Shadow.swift"; sourceTree = "<group>"; };
		D1EF978F2525773900B738B0 /* SubCategoryCell.swift */ = {isa = PBXFileReference; lastKnownFileType = sourcecode.swift; path = SubCategoryCell.swift; sourceTree = "<group>"; };
		D1EF97922525788600B738B0 /* SubCategoryDataSource.swift */ = {isa = PBXFileReference; lastKnownFileType = sourcecode.swift; path = SubCategoryDataSource.swift; sourceTree = "<group>"; };
		F9BF43A1962E2CEFFA6C2D9B /* Pods_HappyMindTests.framework */ = {isa = PBXFileReference; explicitFileType = wrapper.framework; includeInIndex = 0; path = Pods_HappyMindTests.framework; sourceTree = BUILT_PRODUCTS_DIR; };
		FF42204F45B23C2BAEF8E3F9 /* Pods-HappyMind-HappyMindUITests.release.xcconfig */ = {isa = PBXFileReference; includeInIndex = 1; lastKnownFileType = text.xcconfig; name = "Pods-HappyMind-HappyMindUITests.release.xcconfig"; path = "Target Support Files/Pods-HappyMind-HappyMindUITests/Pods-HappyMind-HappyMindUITests.release.xcconfig"; sourceTree = "<group>"; };
/* End PBXFileReference section */

/* Begin PBXFrameworksBuildPhase section */
		D1535DBB251FDA8600FF375D /* Frameworks */ = {
			isa = PBXFrameworksBuildPhase;
			buildActionMask = 2147483647;
			files = (
				D193D673253E953F00635A2B /* AVFoundation.framework in Frameworks */,
				6FE1D0542537BA7100E78A4C /* HappyMindData.framework in Frameworks */,
				6FE1D0B12537E40500E78A4C /* HappyMindCore.framework in Frameworks */,
				B441733C46CE1047B6D43D7D /* Pods_HappyMind.framework in Frameworks */,
			);
			runOnlyForDeploymentPostprocessing = 0;
		};
		D1535DD4251FDA8800FF375D /* Frameworks */ = {
			isa = PBXFrameworksBuildPhase;
			buildActionMask = 2147483647;
			files = (
				D86409A82944F7E485ECCEA5 /* Pods_HappyMindTests.framework in Frameworks */,
			);
			runOnlyForDeploymentPostprocessing = 0;
		};
		D1535DDF251FDA8800FF375D /* Frameworks */ = {
			isa = PBXFrameworksBuildPhase;
			buildActionMask = 2147483647;
			files = (
				4064016BCF48660CA6A0F384 /* Pods_HappyMind_HappyMindUITests.framework in Frameworks */,
			);
			runOnlyForDeploymentPostprocessing = 0;
		};
/* End PBXFrameworksBuildPhase section */

/* Begin PBXGroup section */
		1671FB5E5CA44C3919697D32 /* Frameworks */ = {
			isa = PBXGroup;
			children = (
				D193D672253E953F00635A2B /* AVFoundation.framework */,
				6FE1D0B02537E40500E78A4C /* HappyMindCore.framework */,
				6FE1D0532537BA7100E78A4C /* HappyMindData.framework */,
				6FE1CFDE2537B8D600E78A4C /* HappyMindData */,
				6FE1CFD72537B69B00E78A4C /* HappyMindData.framework */,
				6FE1CFD22537B5C500E78A4C /* HappyMindData.framework */,
				6FE1CFCE2537B4F300E78A4C /* HappyMindData.framework */,
				D1535E1B251FE03900FF375D /* HappyMindData.framework */,
				B99151808963EF900ADA5569 /* Pods_HappyMind.framework */,
				64A1CDF8805F7D8DD34D5E04 /* Pods_HappyMind_HappyMindUITests.framework */,
				F9BF43A1962E2CEFFA6C2D9B /* Pods_HappyMindTests.framework */,
			);
			name = Frameworks;
			sourceTree = "<group>";
		};
		6F97262525390CCA00913342 /* Module */ = {
			isa = PBXGroup;
			children = (
				6F97262625390CD700913342 /* InteractorModule.swift */,
				6F97262825390D0500913342 /* RepositoryModule.swift */,
			);
			path = Module;
			sourceTree = "<group>";
		};
		D107010F25410A8D0079E0FD /* BaseList */ = {
			isa = PBXGroup;
			children = (
				D107011025410AB00079E0FD /* BaseListViewController.swift */,
			);
			path = BaseList;
			sourceTree = "<group>";
		};
		D132DC822544CD9F0079AE69 /* Font */ = {
			isa = PBXGroup;
			children = (
				D132DC832544CDBB0079AE69 /* JosefinSans-Regular.ttf */,
				D132DC8D2544E7FA0079AE69 /* Calibri-Regular.ttf */,
				D132DC852544CDEA0079AE69 /* Calibri-Bold.ttf */,
			);
			path = Font;
			sourceTree = "<group>";
		};
		D1535DB5251FDA8600FF375D = {
			isa = PBXGroup;
			children = (
				D1535DC0251FDA8600FF375D /* HappyMind */,
				D1535DDA251FDA8800FF375D /* HappyMindTests */,
				D1535DE5251FDA8800FF375D /* HappyMindUITests */,
				D1535DBF251FDA8600FF375D /* Products */,
				E389C03E04F3661C690B39E6 /* Pods */,
				1671FB5E5CA44C3919697D32 /* Frameworks */,
			);
			sourceTree = "<group>";
		};
		D1535DBF251FDA8600FF375D /* Products */ = {
			isa = PBXGroup;
			children = (
				D1535DBE251FDA8600FF375D /* HappyMind.app */,
				D1535DD7251FDA8800FF375D /* HappyMindTests.xctest */,
				D1535DE2251FDA8800FF375D /* HappyMindUITests.xctest */,
			);
			name = Products;
			sourceTree = "<group>";
		};
		D1535DC0251FDA8600FF375D /* HappyMind */ = {
			isa = PBXGroup;
			children = (
				D1CB5D09254634EA00A66F32 /* VideoPlayerViewController */,
				D17BFF6525451C92004E472B /* SubCategory */,
				D132DC822544CD9F0079AE69 /* Font */,
				D107010F25410A8D0079E0FD /* BaseList */,
				D1AC71E7253E6E2100D89D14 /* AudioPlayerViewController */,
				D1AC71CD253E575D00D89D14 /* ApplicationViewController */,
				D1C4314E253CF90C00DA44A6 /* Welcome */,
				6F97262525390CCA00913342 /* Module */,
				D15FC079252D288400C69DDA /* Login */,
				D191F3542526352A00A78126 /* BaseCoordinator */,
				D1EF978C25255BB300B738B0 /* Helpers */,
				D1EF97772525268F00B738B0 /* Base */,
				D1EF97742525265000B738B0 /*  Category */,
				D1EF97612525257300B738B0 /* BaseCollection */,
				D1535DC1251FDA8600FF375D /* AppDelegate.swift */,
				D1535DC3251FDA8600FF375D /* SceneDelegate.swift */,
				D1535DC5251FDA8600FF375D /* ViewController.swift */,
				D1535DCD251FDA8800FF375D /* Assets.xcassets */,
				D1535DCF251FDA8800FF375D /* LaunchScreen.storyboard */,
				D1535DD2251FDA8800FF375D /* Info.plist */,
				D1535DCA251FDA8600FF375D /* HappyMind.xcdatamodeld */,
				D191F3512526341100A78126 /* Localizable.strings */,
			);
			path = HappyMind;
			sourceTree = "<group>";
		};
		D1535DDA251FDA8800FF375D /* HappyMindTests */ = {
			isa = PBXGroup;
			children = (
				D1535DDB251FDA8800FF375D /* HappyMindTests.swift */,
				D1535DDD251FDA8800FF375D /* Info.plist */,
			);
			path = HappyMindTests;
			sourceTree = "<group>";
		};
		D1535DE5251FDA8800FF375D /* HappyMindUITests */ = {
			isa = PBXGroup;
			children = (
				D1535DE6251FDA8800FF375D /* HappyMindUITests.swift */,
				D1535DE8251FDA8800FF375D /* Info.plist */,
			);
			path = HappyMindUITests;
			sourceTree = "<group>";
		};
		D15FC079252D288400C69DDA /* Login */ = {
			isa = PBXGroup;
			children = (
				D15FC085252D2D0500C69DDA /* LoginContainerView */,
				D15FC080252D290900C69DDA /* Coordinator */,
				D15FC07A252D289600C69DDA /* LoginViewController.swift */,
				D15FC07C252D28B900C69DDA /* LoginPresenter.swift */,
				D15FC07E252D28CF00C69DDA /* LoginContract.swift */,
			);
			path = Login;
			sourceTree = "<group>";
		};
		D15FC080252D290900C69DDA /* Coordinator */ = {
			isa = PBXGroup;
			children = (
				D15FC081252D291A00C69DDA /* LoginCoordinator.swift */,
				D15FC083252D292400C69DDA /* LoginConfigurator.swift */,
			);
			path = Coordinator;
			sourceTree = "<group>";
		};
		D15FC085252D2D0500C69DDA /* LoginContainerView */ = {
			isa = PBXGroup;
			children = (
				D15FC086252D2D1900C69DDA /* LoginContainerView.swift */,
			);
			path = LoginContainerView;
			sourceTree = "<group>";
		};
		D17BFF6525451C92004E472B /* SubCategory */ = {
			isa = PBXGroup;
			children = (
				D1ADF74C25451F0B00EB202C /* Coordinator */,
				D17BFF6625451CC5004E472B /* SubCategoryViewController.swift */,
				D17BFF6825451CD1004E472B /* SubCategoryContract.swift */,
				D17BFF6A25451CDD004E472B /* SubCategoryPresenter.swift */,
				D1EF97922525788600B738B0 /* SubCategoryDataSource.swift */,
				D1EF978F2525773900B738B0 /* SubCategoryCell.swift */,
			);
			path = SubCategory;
			sourceTree = "<group>";
		};
		D191F3542526352A00A78126 /* BaseCoordinator */ = {
			isa = PBXGroup;
			children = (
				D191F3552526355800A78126 /* BaseCoordinator.swift */,
				D191F3572526357500A78126 /* CoordinatorType.swift */,
				D191F3592526358E00A78126 /* RouterType.swift */,
				D191F35B252635AE00A78126 /* MainRouter.swift */,
				D191F35D252635C800A78126 /* Presentable.swift */,
				D190A40F253F580D00EA54AE /* RemoveReferenceDelegate.swift */,
			);
			path = BaseCoordinator;
			sourceTree = "<group>";
		};
		D191F35F252636F100A78126 /* Coordinator */ = {
			isa = PBXGroup;
			children = (
				D191F3602526370000A78126 /* CategoryCoordinator.swift */,
				D191F3622526377300A78126 /* CategoryConfigurator.swift */,
			);
			path = Coordinator;
			sourceTree = "<group>";
		};
		D1AC71CD253E575D00D89D14 /* ApplicationViewController */ = {
			isa = PBXGroup;
			children = (
				D1AC71D5253E579D00D89D14 /* Configurator */,
				D1AC71CE253E577300D89D14 /* ApplicationViewController.swift */,
				D1AC71D0253E578100D89D14 /* ApplicationContract.swift */,
				D1AC71D2253E579100D89D14 /* ApplicationPresenter.swift */,
			);
			path = ApplicationViewController;
			sourceTree = "<group>";
		};
		D1AC71D5253E579D00D89D14 /* Configurator */ = {
			isa = PBXGroup;
			children = (
				D1AC71D6253E57C100D89D14 /* ApplicationCoordinator.swift */,
				D1AC71D8253E57D000D89D14 /* ApplicationConfigurator.swift */,
			);
			path = Configurator;
			sourceTree = "<group>";
		};
		D1AC71E7253E6E2100D89D14 /* AudioPlayerViewController */ = {
			isa = PBXGroup;
			children = (
				D1AC71EE253E6E5600D89D14 /* Coordinator */,
				D1AC71E8253E6E3900D89D14 /* AudioPlayerViewController.swift */,
				D1AC71EA253E6E4500D89D14 /* AudioPlayerContract.swift */,
				D1AC71EC253E6E5200D89D14 /* AudioPlayerPresenter.swift */,
				D13645962543CBCE00CEFBFD /* DiskView.swift */,
				D13645982543FC6800CEFBFD /* PlayerManagerView.swift */,
			);
			path = AudioPlayerViewController;
			sourceTree = "<group>";
		};
		D1AC71EE253E6E5600D89D14 /* Coordinator */ = {
			isa = PBXGroup;
			children = (
				D1AC71EF253E6ED600D89D14 /* AudioPlayerCoodinator.swift */,
				D1AC71F1253E6EE300D89D14 /* AudioPlayerConfigurator.swift */,
			);
			path = Coordinator;
			sourceTree = "<group>";
		};
		D1ADF74C25451F0B00EB202C /* Coordinator */ = {
			isa = PBXGroup;
			children = (
				D1ADF74D25451F1F00EB202C /* SubCategoryCoordinator.swift */,
				D1ADF74F25451F3D00EB202C /* SubCategoryConfigurator.swift */,
			);
			path = Coordinator;
			sourceTree = "<group>";
		};
		D1C4314E253CF90C00DA44A6 /* Welcome */ = {
			isa = PBXGroup;
			children = (
				D1C43155253CF94000DA44A6 /* Coordinator */,
				D1C4314F253CF92400DA44A6 /* WelcomeViewController.swift */,
				D1C43151253CF92E00DA44A6 /* WelcomePresenter.swift */,
				D1C43153253CF93900DA44A6 /* WelcomeContract.swift */,
				D1C4315A253CFCB700DA44A6 /* WelcomeObject.swift */,
				D1C4315C253CFD0300DA44A6 /* WelcomeDataSource.swift */,
				D1C43161253CFE4700DA44A6 /* WelcomeCell.swift */,
				D1C43163253D047D00DA44A6 /* WelcomeHeader.swift */,
			);
			path = Welcome;
			sourceTree = "<group>";
		};
		D1C43155253CF94000DA44A6 /* Coordinator */ = {
			isa = PBXGroup;
			children = (
				D1C43156253CF94F00DA44A6 /* WelcomeCoordinator.swift */,
				D1C43158253CF95B00DA44A6 /* WelcomeConfigurator.swift */,
			);
			path = Coordinator;
			sourceTree = "<group>";
		};
		D1CB5D09254634EA00A66F32 /* VideoPlayerViewController */ = {
			isa = PBXGroup;
			children = (
				D1CB5D162546352000A66F32 /* coordinator */,
				D1CB5D0A2546350000A66F32 /* VideoPlayerViewController.swift */,
			);
			path = VideoPlayerViewController;
			sourceTree = "<group>";
		};
		D1CB5D162546352000A66F32 /* coordinator */ = {
			isa = PBXGroup;
			children = (
				D1CB5D172546353200A66F32 /* VideoPlayerCoordinator.swift */,
			);
			path = coordinator;
			sourceTree = "<group>";
		};
		D1EF97612525257300B738B0 /* BaseCollection */ = {
			isa = PBXGroup;
			children = (
				D1C4315F253CFD7600DA44A6 /* GenericCell.swift */,
				D1EF976A2525258D00B738B0 /* BaseCollectionCell.swift */,
				D1EF97672525258C00B738B0 /* CollectionDisplay.swift */,
				D1EF97622525258C00B738B0 /* CollectionView.swift */,
				D1EF97632525258C00B738B0 /* CollectionViewCellIdentifier.swift */,
				D1EF97662525258C00B738B0 /* CollectionViewHorizontalCustom.swift */,
				D1EF97692525258D00B738B0 /* GenericDataSource.swift */,
				D1EF978825254A4400B738B0 /* Section.swift */,
			);
			path = BaseCollection;
			sourceTree = "<group>";
		};
		D1EF97742525265000B738B0 /*  Category */ = {
			isa = PBXGroup;
			children = (
				D191F35F252636F100A78126 /* Coordinator */,
				D1EF97912525785D00B738B0 /* Subcategory */,
				D1EF97752525268500B738B0 /* CategoryViewController.swift */,
				D1EF977E2525290700B738B0 /* CategoryDataSource.swift */,
				D1EF978025252D2200B738B0 /* CategoryCell.swift */,
				D1EF978225252D4F00B738B0 /* CategoryModel.swift */,
				D1EF97842525341A00B738B0 /* CategoryPresenter.swift */,
				D1EF97862525346C00B738B0 /* CategoryContract.swift */,
			);
			path = " Category";
			sourceTree = "<group>";
		};
		D1EF97772525268F00B738B0 /* Base */ = {
			isa = PBXGroup;
			children = (
				D1EF97782525269B00B738B0 /* BaseViewController.swift */,
				D1EF977A252526C100B738B0 /* BasePresenter.swift */,
				D1EF977C252526F100B738B0 /* BaseContract.swift */,
			);
			path = Base;
			sourceTree = "<group>";
		};
		D1EF978C25255BB300B738B0 /* Helpers */ = {
			isa = PBXGroup;
			children = (
				D1EF978D25255BCA00B738B0 /* UIView+Shadow.swift */,
				D191F34725262C1D00A78126 /* UINavigationController+NavigationBar.swift */,
				D191F34925262E6B00A78126 /* LocalizableStrings.swift */,
				D15FC075252D21D700C69DDA /* UIImage+assets.swift */,
				D15FC077252D221700C69DDA /* AssetsResources.swift */,
				D15FC088252D3DD600C69DDA /* UITextField+Components.swift */,
				6F61722025392C1300B7D9D8 /* UIFont+Calibri.swift */,
				D1C43165253D15B400DA44A6 /* UIColor+Color.swift */,
				D107011425412C600079E0FD /* UIImageView+loadImage.swift */,
				D12FBF7825427EA6005ADCA1 /* CMTime+Duration.swift */,
			);
			path = Helpers;
			sourceTree = "<group>";
		};
		D1EF97912525785D00B738B0 /* Subcategory */ = {
			isa = PBXGroup;
			children = (
			);
			path = Subcategory;
			sourceTree = "<group>";
		};
		E389C03E04F3661C690B39E6 /* Pods */ = {
			isa = PBXGroup;
			children = (
				3FB41762A6C4DCC09AC402BA /* Pods-HappyMind.debug.xcconfig */,
				99BB78867A0A94446C53AE08 /* Pods-HappyMind.release.xcconfig */,
				B7476C0026239E84293844E9 /* Pods-HappyMind-HappyMindUITests.debug.xcconfig */,
				FF42204F45B23C2BAEF8E3F9 /* Pods-HappyMind-HappyMindUITests.release.xcconfig */,
				76B0107631326B3B8FB0D89C /* Pods-HappyMindTests.debug.xcconfig */,
				6F219ACCFE0151548F736D2C /* Pods-HappyMindTests.release.xcconfig */,
			);
			path = Pods;
			sourceTree = "<group>";
		};
/* End PBXGroup section */

/* Begin PBXNativeTarget section */
		D1535DBD251FDA8600FF375D /* HappyMind */ = {
			isa = PBXNativeTarget;
			buildConfigurationList = D1535DEB251FDA8800FF375D /* Build configuration list for PBXNativeTarget "HappyMind" */;
			buildPhases = (
				5C4FDE54DBBB41503495E7BC /* [CP] Check Pods Manifest.lock */,
				D1535DBA251FDA8600FF375D /* Sources */,
				D1535DBB251FDA8600FF375D /* Frameworks */,
				D1535DBC251FDA8600FF375D /* Resources */,
				6FE1CFDA2537B69B00E78A4C /* Embed Frameworks */,
				26D3E2C4E1A31BB8693D058A /* [CP] Embed Pods Frameworks */,
			);
			buildRules = (
			);
			dependencies = (
			);
			name = HappyMind;
			productName = HappyMind;
			productReference = D1535DBE251FDA8600FF375D /* HappyMind.app */;
			productType = "com.apple.product-type.application";
		};
		D1535DD6251FDA8800FF375D /* HappyMindTests */ = {
			isa = PBXNativeTarget;
			buildConfigurationList = D1535DEE251FDA8800FF375D /* Build configuration list for PBXNativeTarget "HappyMindTests" */;
			buildPhases = (
				639B5359881A84F55DAAF9F1 /* [CP] Check Pods Manifest.lock */,
				D1535DD3251FDA8800FF375D /* Sources */,
				D1535DD4251FDA8800FF375D /* Frameworks */,
				D1535DD5251FDA8800FF375D /* Resources */,
			);
			buildRules = (
			);
			dependencies = (
				D1535DD9251FDA8800FF375D /* PBXTargetDependency */,
			);
			name = HappyMindTests;
			productName = HappyMindTests;
			productReference = D1535DD7251FDA8800FF375D /* HappyMindTests.xctest */;
			productType = "com.apple.product-type.bundle.unit-test";
		};
		D1535DE1251FDA8800FF375D /* HappyMindUITests */ = {
			isa = PBXNativeTarget;
			buildConfigurationList = D1535DF1251FDA8800FF375D /* Build configuration list for PBXNativeTarget "HappyMindUITests" */;
			buildPhases = (
				965814BBEE89AF4E4164169A /* [CP] Check Pods Manifest.lock */,
				D1535DDE251FDA8800FF375D /* Sources */,
				D1535DDF251FDA8800FF375D /* Frameworks */,
				D1535DE0251FDA8800FF375D /* Resources */,
				FE9530FA9273A8F5CE5FBF9C /* [CP] Embed Pods Frameworks */,
			);
			buildRules = (
			);
			dependencies = (
				D1535DE4251FDA8800FF375D /* PBXTargetDependency */,
			);
			name = HappyMindUITests;
			productName = HappyMindUITests;
			productReference = D1535DE2251FDA8800FF375D /* HappyMindUITests.xctest */;
			productType = "com.apple.product-type.bundle.ui-testing";
		};
/* End PBXNativeTarget section */

/* Begin PBXProject section */
		D1535DB6251FDA8600FF375D /* Project object */ = {
			isa = PBXProject;
			attributes = {
				LastSwiftUpdateCheck = 1170;
				LastUpgradeCheck = 1170;
				ORGANIZATIONNAME = "Carlos Pava";
				TargetAttributes = {
					D1535DBD251FDA8600FF375D = {
						CreatedOnToolsVersion = 11.7;
					};
					D1535DD6251FDA8800FF375D = {
						CreatedOnToolsVersion = 11.7;
						TestTargetID = D1535DBD251FDA8600FF375D;
					};
					D1535DE1251FDA8800FF375D = {
						CreatedOnToolsVersion = 11.7;
						TestTargetID = D1535DBD251FDA8600FF375D;
					};
				};
			};
			buildConfigurationList = D1535DB9251FDA8600FF375D /* Build configuration list for PBXProject "HappyMind" */;
			compatibilityVersion = "Xcode 9.3";
			developmentRegion = en;
			hasScannedForEncodings = 0;
			knownRegions = (
				en,
				Base,
			);
			mainGroup = D1535DB5251FDA8600FF375D;
			productRefGroup = D1535DBF251FDA8600FF375D /* Products */;
			projectDirPath = "";
			projectRoot = "";
			targets = (
				D1535DBD251FDA8600FF375D /* HappyMind */,
				D1535DD6251FDA8800FF375D /* HappyMindTests */,
				D1535DE1251FDA8800FF375D /* HappyMindUITests */,
			);
		};
/* End PBXProject section */

/* Begin PBXResourcesBuildPhase section */
		D1535DBC251FDA8600FF375D /* Resources */ = {
			isa = PBXResourcesBuildPhase;
			buildActionMask = 2147483647;
			files = (
				D1535DD1251FDA8800FF375D /* LaunchScreen.storyboard in Resources */,
				D132DC8E2544E7FA0079AE69 /* Calibri-Regular.ttf in Resources */,
				D132DC862544CDEA0079AE69 /* Calibri-Bold.ttf in Resources */,
				D132DC842544CDBB0079AE69 /* JosefinSans-Regular.ttf in Resources */,
				D191F34F2526341100A78126 /* Localizable.strings in Resources */,
				D1535DCE251FDA8800FF375D /* Assets.xcassets in Resources */,
			);
			runOnlyForDeploymentPostprocessing = 0;
		};
		D1535DD5251FDA8800FF375D /* Resources */ = {
			isa = PBXResourcesBuildPhase;
			buildActionMask = 2147483647;
			files = (
			);
			runOnlyForDeploymentPostprocessing = 0;
		};
		D1535DE0251FDA8800FF375D /* Resources */ = {
			isa = PBXResourcesBuildPhase;
			buildActionMask = 2147483647;
			files = (
			);
			runOnlyForDeploymentPostprocessing = 0;
		};
/* End PBXResourcesBuildPhase section */

/* Begin PBXShellScriptBuildPhase section */
		26D3E2C4E1A31BB8693D058A /* [CP] Embed Pods Frameworks */ = {
			isa = PBXShellScriptBuildPhase;
			buildActionMask = 2147483647;
			files = (
			);
			inputFileListPaths = (
				"${PODS_ROOT}/Target Support Files/Pods-HappyMind/Pods-HappyMind-frameworks-${CONFIGURATION}-input-files.xcfilelist",
			);
			name = "[CP] Embed Pods Frameworks";
			outputFileListPaths = (
				"${PODS_ROOT}/Target Support Files/Pods-HappyMind/Pods-HappyMind-frameworks-${CONFIGURATION}-output-files.xcfilelist",
			);
			runOnlyForDeploymentPostprocessing = 0;
			shellPath = /bin/sh;
			shellScript = "\"${PODS_ROOT}/Target Support Files/Pods-HappyMind/Pods-HappyMind-frameworks.sh\"\n";
			showEnvVarsInLog = 0;
		};
		5C4FDE54DBBB41503495E7BC /* [CP] Check Pods Manifest.lock */ = {
			isa = PBXShellScriptBuildPhase;
			buildActionMask = 2147483647;
			files = (
			);
			inputFileListPaths = (
			);
			inputPaths = (
				"${PODS_PODFILE_DIR_PATH}/Podfile.lock",
				"${PODS_ROOT}/Manifest.lock",
			);
			name = "[CP] Check Pods Manifest.lock";
			outputFileListPaths = (
			);
			outputPaths = (
				"$(DERIVED_FILE_DIR)/Pods-HappyMind-checkManifestLockResult.txt",
			);
			runOnlyForDeploymentPostprocessing = 0;
			shellPath = /bin/sh;
			shellScript = "diff \"${PODS_PODFILE_DIR_PATH}/Podfile.lock\" \"${PODS_ROOT}/Manifest.lock\" > /dev/null\nif [ $? != 0 ] ; then\n    # print error to STDERR\n    echo \"error: The sandbox is not in sync with the Podfile.lock. Run 'pod install' or update your CocoaPods installation.\" >&2\n    exit 1\nfi\n# This output is used by Xcode 'outputs' to avoid re-running this script phase.\necho \"SUCCESS\" > \"${SCRIPT_OUTPUT_FILE_0}\"\n";
			showEnvVarsInLog = 0;
		};
		639B5359881A84F55DAAF9F1 /* [CP] Check Pods Manifest.lock */ = {
			isa = PBXShellScriptBuildPhase;
			buildActionMask = 2147483647;
			files = (
			);
			inputFileListPaths = (
			);
			inputPaths = (
				"${PODS_PODFILE_DIR_PATH}/Podfile.lock",
				"${PODS_ROOT}/Manifest.lock",
			);
			name = "[CP] Check Pods Manifest.lock";
			outputFileListPaths = (
			);
			outputPaths = (
				"$(DERIVED_FILE_DIR)/Pods-HappyMindTests-checkManifestLockResult.txt",
			);
			runOnlyForDeploymentPostprocessing = 0;
			shellPath = /bin/sh;
			shellScript = "diff \"${PODS_PODFILE_DIR_PATH}/Podfile.lock\" \"${PODS_ROOT}/Manifest.lock\" > /dev/null\nif [ $? != 0 ] ; then\n    # print error to STDERR\n    echo \"error: The sandbox is not in sync with the Podfile.lock. Run 'pod install' or update your CocoaPods installation.\" >&2\n    exit 1\nfi\n# This output is used by Xcode 'outputs' to avoid re-running this script phase.\necho \"SUCCESS\" > \"${SCRIPT_OUTPUT_FILE_0}\"\n";
			showEnvVarsInLog = 0;
		};
		965814BBEE89AF4E4164169A /* [CP] Check Pods Manifest.lock */ = {
			isa = PBXShellScriptBuildPhase;
			buildActionMask = 2147483647;
			files = (
			);
			inputFileListPaths = (
			);
			inputPaths = (
				"${PODS_PODFILE_DIR_PATH}/Podfile.lock",
				"${PODS_ROOT}/Manifest.lock",
			);
			name = "[CP] Check Pods Manifest.lock";
			outputFileListPaths = (
			);
			outputPaths = (
				"$(DERIVED_FILE_DIR)/Pods-HappyMind-HappyMindUITests-checkManifestLockResult.txt",
			);
			runOnlyForDeploymentPostprocessing = 0;
			shellPath = /bin/sh;
			shellScript = "diff \"${PODS_PODFILE_DIR_PATH}/Podfile.lock\" \"${PODS_ROOT}/Manifest.lock\" > /dev/null\nif [ $? != 0 ] ; then\n    # print error to STDERR\n    echo \"error: The sandbox is not in sync with the Podfile.lock. Run 'pod install' or update your CocoaPods installation.\" >&2\n    exit 1\nfi\n# This output is used by Xcode 'outputs' to avoid re-running this script phase.\necho \"SUCCESS\" > \"${SCRIPT_OUTPUT_FILE_0}\"\n";
			showEnvVarsInLog = 0;
		};
		FE9530FA9273A8F5CE5FBF9C /* [CP] Embed Pods Frameworks */ = {
			isa = PBXShellScriptBuildPhase;
			buildActionMask = 2147483647;
			files = (
			);
			inputFileListPaths = (
				"${PODS_ROOT}/Target Support Files/Pods-HappyMind-HappyMindUITests/Pods-HappyMind-HappyMindUITests-frameworks-${CONFIGURATION}-input-files.xcfilelist",
			);
			name = "[CP] Embed Pods Frameworks";
			outputFileListPaths = (
				"${PODS_ROOT}/Target Support Files/Pods-HappyMind-HappyMindUITests/Pods-HappyMind-HappyMindUITests-frameworks-${CONFIGURATION}-output-files.xcfilelist",
			);
			runOnlyForDeploymentPostprocessing = 0;
			shellPath = /bin/sh;
			shellScript = "\"${PODS_ROOT}/Target Support Files/Pods-HappyMind-HappyMindUITests/Pods-HappyMind-HappyMindUITests-frameworks.sh\"\n";
			showEnvVarsInLog = 0;
		};
/* End PBXShellScriptBuildPhase section */

/* Begin PBXSourcesBuildPhase section */
		D1535DBA251FDA8600FF375D /* Sources */ = {
			isa = PBXSourcesBuildPhase;
			buildActionMask = 2147483647;
			files = (
				D1C4315D253CFD0300DA44A6 /* WelcomeDataSource.swift in Sources */,
				6F97262925390D0500913342 /* RepositoryModule.swift in Sources */,
				D1EF977B252526C100B738B0 /* BasePresenter.swift in Sources */,
				D17BFF6B25451CDD004E472B /* SubCategoryPresenter.swift in Sources */,
				D191F35C252635AE00A78126 /* MainRouter.swift in Sources */,
				D15FC087252D2D1900C69DDA /* LoginContainerView.swift in Sources */,
				D13645992543FC6800CEFBFD /* PlayerManagerView.swift in Sources */,
				D1EF97722525258D00B738B0 /* GenericDataSource.swift in Sources */,
				D1EF97702525258D00B738B0 /* CollectionDisplay.swift in Sources */,
				D1AC71D3253E579100D89D14 /* ApplicationPresenter.swift in Sources */,
				D107011525412C600079E0FD /* UIImageView+loadImage.swift in Sources */,
				D1EF978125252D2200B738B0 /* CategoryCell.swift in Sources */,
				D15FC07F252D28CF00C69DDA /* LoginContract.swift in Sources */,
				D1535DCC251FDA8600FF375D /* HappyMind.xcdatamodeld in Sources */,
				D191F3632526377300A78126 /* CategoryConfigurator.swift in Sources */,
				D1ADF75025451F3D00EB202C /* SubCategoryConfigurator.swift in Sources */,
				D191F3582526357500A78126 /* CoordinatorType.swift in Sources */,
				D1EF977D252526F100B738B0 /* BaseContract.swift in Sources */,
				D1AC71CF253E577300D89D14 /* ApplicationViewController.swift in Sources */,
				D1AC71D9253E57D000D89D14 /* ApplicationConfigurator.swift in Sources */,
				D1EF97792525269B00B738B0 /* BaseViewController.swift in Sources */,
				D1AC71E9253E6E3900D89D14 /* AudioPlayerViewController.swift in Sources */,
				D17BFF6925451CD1004E472B /* SubCategoryContract.swift in Sources */,
				D12FBF7925427EA6005ADCA1 /* CMTime+Duration.swift in Sources */,
				D190A410253F580D00EA54AE /* RemoveReferenceDelegate.swift in Sources */,
				6F61722125392C1300B7D9D8 /* UIFont+Calibri.swift in Sources */,
				D1EF976B2525258D00B738B0 /* CollectionView.swift in Sources */,
				D1EF977F2525290700B738B0 /* CategoryDataSource.swift in Sources */,
				D17BFF6725451CC5004E472B /* SubCategoryViewController.swift in Sources */,
				D15FC07D252D28B900C69DDA /* LoginPresenter.swift in Sources */,
				D15FC078252D221700C69DDA /* AssetsResources.swift in Sources */,
				D1EF976F2525258D00B738B0 /* CollectionViewHorizontalCustom.swift in Sources */,
				D1535DC6251FDA8600FF375D /* ViewController.swift in Sources */,
				D1EF976C2525258D00B738B0 /* CollectionViewCellIdentifier.swift in Sources */,
				D15FC084252D292400C69DDA /* LoginConfigurator.swift in Sources */,
				D15FC082252D291A00C69DDA /* LoginCoordinator.swift in Sources */,
				D1C43166253D15B400DA44A6 /* UIColor+Color.swift in Sources */,
				D1EF97732525258D00B738B0 /* BaseCollectionCell.swift in Sources */,
				D1C43160253CFD7600DA44A6 /* GenericCell.swift in Sources */,
				D107011125410AB00079E0FD /* BaseListViewController.swift in Sources */,
				D1EF97902525773900B738B0 /* SubCategoryCell.swift in Sources */,
				D1C4315B253CFCB700DA44A6 /* WelcomeObject.swift in Sources */,
				D1EF978E25255BCA00B738B0 /* UIView+Shadow.swift in Sources */,
				D191F3612526370000A78126 /* CategoryCoordinator.swift in Sources */,
				D191F3562526355800A78126 /* BaseCoordinator.swift in Sources */,
				D191F34825262C1D00A78126 /* UINavigationController+NavigationBar.swift in Sources */,
				D191F35A2526358E00A78126 /* RouterType.swift in Sources */,
				D15FC089252D3DD600C69DDA /* UITextField+Components.swift in Sources */,
				D1AC71F0253E6ED600D89D14 /* AudioPlayerCoodinator.swift in Sources */,
				D1EF978925254A4400B738B0 /* Section.swift in Sources */,
				D191F34A25262E6B00A78126 /* LocalizableStrings.swift in Sources */,
				D1AC71D7253E57C100D89D14 /* ApplicationCoordinator.swift in Sources */,
				D1ADF74E25451F1F00EB202C /* SubCategoryCoordinator.swift in Sources */,
				D1EF97932525788600B738B0 /* SubCategoryDataSource.swift in Sources */,
				D1C43159253CF95B00DA44A6 /* WelcomeConfigurator.swift in Sources */,
				D191F35E252635C800A78126 /* Presentable.swift in Sources */,
				D1AC71EB253E6E4500D89D14 /* AudioPlayerContract.swift in Sources */,
				D13645972543CBCE00CEFBFD /* DiskView.swift in Sources */,
				D1C43157253CF94F00DA44A6 /* WelcomeCoordinator.swift in Sources */,
				D1EF97762525268500B738B0 /* CategoryViewController.swift in Sources */,
				D1C43164253D047D00DA44A6 /* WelcomeHeader.swift in Sources */,
				D1AC71F2253E6EE300D89D14 /* AudioPlayerConfigurator.swift in Sources */,
				D1C43150253CF92400DA44A6 /* WelcomeViewController.swift in Sources */,
				D15FC07B252D289600C69DDA /* LoginViewController.swift in Sources */,
				D15FC076252D21D700C69DDA /* UIImage+assets.swift in Sources */,
				D1EF97852525341A00B738B0 /* CategoryPresenter.swift in Sources */,
				D1EF978325252D4F00B738B0 /* CategoryModel.swift in Sources */,
				D1535DC2251FDA8600FF375D /* AppDelegate.swift in Sources */,
				D1C43162253CFE4700DA44A6 /* WelcomeCell.swift in Sources */,
				D1535DC4251FDA8600FF375D /* SceneDelegate.swift in Sources */,
				D1AC71ED253E6E5200D89D14 /* AudioPlayerPresenter.swift in Sources */,
				D1C43152253CF92E00DA44A6 /* WelcomePresenter.swift in Sources */,
				6F97262725390CD700913342 /* InteractorModule.swift in Sources */,
				D1CB5D0B2546350000A66F32 /* VideoPlayerViewController.swift in Sources */,
				D1C43154253CF93900DA44A6 /* WelcomeContract.swift in Sources */,
				D1EF97872525346C00B738B0 /* CategoryContract.swift in Sources */,
				D1AC71D1253E578100D89D14 /* ApplicationContract.swift in Sources */,
				D1CB5D182546353200A66F32 /* VideoPlayerCoordinator.swift in Sources */,
			);
			runOnlyForDeploymentPostprocessing = 0;
		};
		D1535DD3251FDA8800FF375D /* Sources */ = {
			isa = PBXSourcesBuildPhase;
			buildActionMask = 2147483647;
			files = (
				D1535DDC251FDA8800FF375D /* HappyMindTests.swift in Sources */,
			);
			runOnlyForDeploymentPostprocessing = 0;
		};
		D1535DDE251FDA8800FF375D /* Sources */ = {
			isa = PBXSourcesBuildPhase;
			buildActionMask = 2147483647;
			files = (
				D1535DE7251FDA8800FF375D /* HappyMindUITests.swift in Sources */,
			);
			runOnlyForDeploymentPostprocessing = 0;
		};
/* End PBXSourcesBuildPhase section */

/* Begin PBXTargetDependency section */
		D1535DD9251FDA8800FF375D /* PBXTargetDependency */ = {
			isa = PBXTargetDependency;
			target = D1535DBD251FDA8600FF375D /* HappyMind */;
			targetProxy = D1535DD8251FDA8800FF375D /* PBXContainerItemProxy */;
		};
		D1535DE4251FDA8800FF375D /* PBXTargetDependency */ = {
			isa = PBXTargetDependency;
			target = D1535DBD251FDA8600FF375D /* HappyMind */;
			targetProxy = D1535DE3251FDA8800FF375D /* PBXContainerItemProxy */;
		};
/* End PBXTargetDependency section */

/* Begin PBXVariantGroup section */
		D1535DCF251FDA8800FF375D /* LaunchScreen.storyboard */ = {
			isa = PBXVariantGroup;
			children = (
				D1535DD0251FDA8800FF375D /* Base */,
			);
			name = LaunchScreen.storyboard;
			sourceTree = "<group>";
		};
		D191F3512526341100A78126 /* Localizable.strings */ = {
			isa = PBXVariantGroup;
			children = (
				D191F353252634BD00A78126 /* en */,
			);
			name = Localizable.strings;
			sourceTree = "<group>";
		};
/* End PBXVariantGroup section */

/* Begin XCBuildConfiguration section */
		D1535DE9251FDA8800FF375D /* Debug */ = {
			isa = XCBuildConfiguration;
			buildSettings = {
				ALWAYS_SEARCH_USER_PATHS = NO;
				CLANG_ANALYZER_LOCALIZABILITY_NONLOCALIZED = YES;
				CLANG_ANALYZER_NONNULL = YES;
				CLANG_ANALYZER_NUMBER_OBJECT_CONVERSION = YES_AGGRESSIVE;
				CLANG_CXX_LANGUAGE_STANDARD = "gnu++14";
				CLANG_CXX_LIBRARY = "libc++";
				CLANG_ENABLE_MODULES = YES;
				CLANG_ENABLE_OBJC_ARC = YES;
				CLANG_ENABLE_OBJC_WEAK = YES;
				CLANG_WARN_BLOCK_CAPTURE_AUTORELEASING = YES;
				CLANG_WARN_BOOL_CONVERSION = YES;
				CLANG_WARN_COMMA = YES;
				CLANG_WARN_CONSTANT_CONVERSION = YES;
				CLANG_WARN_DEPRECATED_OBJC_IMPLEMENTATIONS = YES;
				CLANG_WARN_DIRECT_OBJC_ISA_USAGE = YES_ERROR;
				CLANG_WARN_DOCUMENTATION_COMMENTS = YES;
				CLANG_WARN_EMPTY_BODY = YES;
				CLANG_WARN_ENUM_CONVERSION = YES;
				CLANG_WARN_INFINITE_RECURSION = YES;
				CLANG_WARN_INT_CONVERSION = YES;
				CLANG_WARN_NON_LITERAL_NULL_CONVERSION = YES;
				CLANG_WARN_OBJC_IMPLICIT_RETAIN_SELF = YES;
				CLANG_WARN_OBJC_LITERAL_CONVERSION = YES;
				CLANG_WARN_OBJC_ROOT_CLASS = YES_ERROR;
				CLANG_WARN_RANGE_LOOP_ANALYSIS = YES;
				CLANG_WARN_STRICT_PROTOTYPES = YES;
				CLANG_WARN_SUSPICIOUS_MOVE = YES;
				CLANG_WARN_UNGUARDED_AVAILABILITY = YES_AGGRESSIVE;
				CLANG_WARN_UNREACHABLE_CODE = YES;
				CLANG_WARN__DUPLICATE_METHOD_MATCH = YES;
				COPY_PHASE_STRIP = NO;
				DEBUG_INFORMATION_FORMAT = dwarf;
				ENABLE_STRICT_OBJC_MSGSEND = YES;
				ENABLE_TESTABILITY = YES;
				GCC_C_LANGUAGE_STANDARD = gnu11;
				GCC_DYNAMIC_NO_PIC = NO;
				GCC_NO_COMMON_BLOCKS = YES;
				GCC_OPTIMIZATION_LEVEL = 0;
				GCC_PREPROCESSOR_DEFINITIONS = (
					"DEBUG=1",
					"$(inherited)",
				);
				GCC_WARN_64_TO_32_BIT_CONVERSION = YES;
				GCC_WARN_ABOUT_RETURN_TYPE = YES_ERROR;
				GCC_WARN_UNDECLARED_SELECTOR = YES;
				GCC_WARN_UNINITIALIZED_AUTOS = YES_AGGRESSIVE;
				GCC_WARN_UNUSED_FUNCTION = YES;
				GCC_WARN_UNUSED_VARIABLE = YES;
				IPHONEOS_DEPLOYMENT_TARGET = 13.0;
				MTL_ENABLE_DEBUG_INFO = INCLUDE_SOURCE;
				MTL_FAST_MATH = YES;
				ONLY_ACTIVE_ARCH = YES;
				SDKROOT = iphoneos;
				SWIFT_ACTIVE_COMPILATION_CONDITIONS = DEBUG;
				SWIFT_OPTIMIZATION_LEVEL = "-Onone";
			};
			name = Debug;
		};
		D1535DEA251FDA8800FF375D /* Release */ = {
			isa = XCBuildConfiguration;
			buildSettings = {
				ALWAYS_SEARCH_USER_PATHS = NO;
				CLANG_ANALYZER_LOCALIZABILITY_NONLOCALIZED = YES;
				CLANG_ANALYZER_NONNULL = YES;
				CLANG_ANALYZER_NUMBER_OBJECT_CONVERSION = YES_AGGRESSIVE;
				CLANG_CXX_LANGUAGE_STANDARD = "gnu++14";
				CLANG_CXX_LIBRARY = "libc++";
				CLANG_ENABLE_MODULES = YES;
				CLANG_ENABLE_OBJC_ARC = YES;
				CLANG_ENABLE_OBJC_WEAK = YES;
				CLANG_WARN_BLOCK_CAPTURE_AUTORELEASING = YES;
				CLANG_WARN_BOOL_CONVERSION = YES;
				CLANG_WARN_COMMA = YES;
				CLANG_WARN_CONSTANT_CONVERSION = YES;
				CLANG_WARN_DEPRECATED_OBJC_IMPLEMENTATIONS = YES;
				CLANG_WARN_DIRECT_OBJC_ISA_USAGE = YES_ERROR;
				CLANG_WARN_DOCUMENTATION_COMMENTS = YES;
				CLANG_WARN_EMPTY_BODY = YES;
				CLANG_WARN_ENUM_CONVERSION = YES;
				CLANG_WARN_INFINITE_RECURSION = YES;
				CLANG_WARN_INT_CONVERSION = YES;
				CLANG_WARN_NON_LITERAL_NULL_CONVERSION = YES;
				CLANG_WARN_OBJC_IMPLICIT_RETAIN_SELF = YES;
				CLANG_WARN_OBJC_LITERAL_CONVERSION = YES;
				CLANG_WARN_OBJC_ROOT_CLASS = YES_ERROR;
				CLANG_WARN_RANGE_LOOP_ANALYSIS = YES;
				CLANG_WARN_STRICT_PROTOTYPES = YES;
				CLANG_WARN_SUSPICIOUS_MOVE = YES;
				CLANG_WARN_UNGUARDED_AVAILABILITY = YES_AGGRESSIVE;
				CLANG_WARN_UNREACHABLE_CODE = YES;
				CLANG_WARN__DUPLICATE_METHOD_MATCH = YES;
				COPY_PHASE_STRIP = NO;
				DEBUG_INFORMATION_FORMAT = "dwarf-with-dsym";
				ENABLE_NS_ASSERTIONS = NO;
				ENABLE_STRICT_OBJC_MSGSEND = YES;
				GCC_C_LANGUAGE_STANDARD = gnu11;
				GCC_NO_COMMON_BLOCKS = YES;
				GCC_WARN_64_TO_32_BIT_CONVERSION = YES;
				GCC_WARN_ABOUT_RETURN_TYPE = YES_ERROR;
				GCC_WARN_UNDECLARED_SELECTOR = YES;
				GCC_WARN_UNINITIALIZED_AUTOS = YES_AGGRESSIVE;
				GCC_WARN_UNUSED_FUNCTION = YES;
				GCC_WARN_UNUSED_VARIABLE = YES;
				IPHONEOS_DEPLOYMENT_TARGET = 13.0;
				MTL_ENABLE_DEBUG_INFO = NO;
				MTL_FAST_MATH = YES;
				SDKROOT = iphoneos;
				SWIFT_COMPILATION_MODE = wholemodule;
				SWIFT_OPTIMIZATION_LEVEL = "-O";
				VALIDATE_PRODUCT = YES;
			};
			name = Release;
		};
		D1535DEC251FDA8800FF375D /* Debug */ = {
			isa = XCBuildConfiguration;
			baseConfigurationReference = 3FB41762A6C4DCC09AC402BA /* Pods-HappyMind.debug.xcconfig */;
			buildSettings = {
				ASSETCATALOG_COMPILER_APPICON_NAME = AppIcon;
				CODE_SIGN_STYLE = Automatic;
				DEVELOPMENT_TEAM = PVBF2PQ282;
				INFOPLIST_FILE = HappyMind/Info.plist;
				IPHONEOS_DEPLOYMENT_TARGET = 13.0;
				LD_RUNPATH_SEARCH_PATHS = (
					"$(inherited)",
					"@executable_path/Frameworks",
				);
				PRODUCT_BUNDLE_IDENTIFIER = com.carlos.HappyMind;
				PRODUCT_NAME = "$(TARGET_NAME)";
				SWIFT_VERSION = 5.0;
				TARGETED_DEVICE_FAMILY = 1;
			};
			name = Debug;
		};
		D1535DED251FDA8800FF375D /* Release */ = {
			isa = XCBuildConfiguration;
			baseConfigurationReference = 99BB78867A0A94446C53AE08 /* Pods-HappyMind.release.xcconfig */;
			buildSettings = {
				ASSETCATALOG_COMPILER_APPICON_NAME = AppIcon;
				CODE_SIGN_STYLE = Automatic;
				DEVELOPMENT_TEAM = PVBF2PQ282;
				INFOPLIST_FILE = HappyMind/Info.plist;
				IPHONEOS_DEPLOYMENT_TARGET = 13.0;
				LD_RUNPATH_SEARCH_PATHS = (
					"$(inherited)",
					"@executable_path/Frameworks",
				);
				PRODUCT_BUNDLE_IDENTIFIER = com.carlos.HappyMind;
				PRODUCT_NAME = "$(TARGET_NAME)";
				SWIFT_VERSION = 5.0;
				TARGETED_DEVICE_FAMILY = 1;
			};
			name = Release;
		};
		D1535DEF251FDA8800FF375D /* Debug */ = {
			isa = XCBuildConfiguration;
			baseConfigurationReference = 76B0107631326B3B8FB0D89C /* Pods-HappyMindTests.debug.xcconfig */;
			buildSettings = {
				ALWAYS_EMBED_SWIFT_STANDARD_LIBRARIES = YES;
				BUNDLE_LOADER = "$(TEST_HOST)";
				CODE_SIGN_STYLE = Automatic;
				DEVELOPMENT_TEAM = F6QB93LRJD;
				INFOPLIST_FILE = HappyMindTests/Info.plist;
				IPHONEOS_DEPLOYMENT_TARGET = 13.7;
				LD_RUNPATH_SEARCH_PATHS = (
					"$(inherited)",
					"@executable_path/Frameworks",
					"@loader_path/Frameworks",
				);
				PRODUCT_BUNDLE_IDENTIFIER = com.carlos.HappyMindTests;
				PRODUCT_NAME = "$(TARGET_NAME)";
				SWIFT_VERSION = 5.0;
				TARGETED_DEVICE_FAMILY = "1,2";
				TEST_HOST = "$(BUILT_PRODUCTS_DIR)/HappyMind.app/HappyMind";
			};
			name = Debug;
		};
		D1535DF0251FDA8800FF375D /* Release */ = {
			isa = XCBuildConfiguration;
			baseConfigurationReference = 6F219ACCFE0151548F736D2C /* Pods-HappyMindTests.release.xcconfig */;
			buildSettings = {
				ALWAYS_EMBED_SWIFT_STANDARD_LIBRARIES = YES;
				BUNDLE_LOADER = "$(TEST_HOST)";
				CODE_SIGN_STYLE = Automatic;
				DEVELOPMENT_TEAM = F6QB93LRJD;
				INFOPLIST_FILE = HappyMindTests/Info.plist;
				IPHONEOS_DEPLOYMENT_TARGET = 13.7;
				LD_RUNPATH_SEARCH_PATHS = (
					"$(inherited)",
					"@executable_path/Frameworks",
					"@loader_path/Frameworks",
				);
				PRODUCT_BUNDLE_IDENTIFIER = com.carlos.HappyMindTests;
				PRODUCT_NAME = "$(TARGET_NAME)";
				SWIFT_VERSION = 5.0;
				TARGETED_DEVICE_FAMILY = "1,2";
				TEST_HOST = "$(BUILT_PRODUCTS_DIR)/HappyMind.app/HappyMind";
			};
			name = Release;
		};
		D1535DF2251FDA8800FF375D /* Debug */ = {
			isa = XCBuildConfiguration;
			baseConfigurationReference = B7476C0026239E84293844E9 /* Pods-HappyMind-HappyMindUITests.debug.xcconfig */;
			buildSettings = {
				ALWAYS_EMBED_SWIFT_STANDARD_LIBRARIES = YES;
				CODE_SIGN_STYLE = Automatic;
				DEVELOPMENT_TEAM = F6QB93LRJD;
				INFOPLIST_FILE = HappyMindUITests/Info.plist;
				LD_RUNPATH_SEARCH_PATHS = (
					"$(inherited)",
					"@executable_path/Frameworks",
					"@loader_path/Frameworks",
				);
				PRODUCT_BUNDLE_IDENTIFIER = com.carlos.HappyMindUITests;
				PRODUCT_NAME = "$(TARGET_NAME)";
				SWIFT_VERSION = 5.0;
				TARGETED_DEVICE_FAMILY = "1,2";
				TEST_TARGET_NAME = HappyMind;
			};
			name = Debug;
		};
		D1535DF3251FDA8800FF375D /* Release */ = {
			isa = XCBuildConfiguration;
			baseConfigurationReference = FF42204F45B23C2BAEF8E3F9 /* Pods-HappyMind-HappyMindUITests.release.xcconfig */;
			buildSettings = {
				ALWAYS_EMBED_SWIFT_STANDARD_LIBRARIES = YES;
				CODE_SIGN_STYLE = Automatic;
				DEVELOPMENT_TEAM = F6QB93LRJD;
				INFOPLIST_FILE = HappyMindUITests/Info.plist;
				LD_RUNPATH_SEARCH_PATHS = (
					"$(inherited)",
					"@executable_path/Frameworks",
					"@loader_path/Frameworks",
				);
				PRODUCT_BUNDLE_IDENTIFIER = com.carlos.HappyMindUITests;
				PRODUCT_NAME = "$(TARGET_NAME)";
				SWIFT_VERSION = 5.0;
				TARGETED_DEVICE_FAMILY = "1,2";
				TEST_TARGET_NAME = HappyMind;
			};
			name = Release;
		};
/* End XCBuildConfiguration section */

/* Begin XCConfigurationList section */
		D1535DB9251FDA8600FF375D /* Build configuration list for PBXProject "HappyMind" */ = {
			isa = XCConfigurationList;
			buildConfigurations = (
				D1535DE9251FDA8800FF375D /* Debug */,
				D1535DEA251FDA8800FF375D /* Release */,
			);
			defaultConfigurationIsVisible = 0;
			defaultConfigurationName = Release;
		};
		D1535DEB251FDA8800FF375D /* Build configuration list for PBXNativeTarget "HappyMind" */ = {
			isa = XCConfigurationList;
			buildConfigurations = (
				D1535DEC251FDA8800FF375D /* Debug */,
				D1535DED251FDA8800FF375D /* Release */,
			);
			defaultConfigurationIsVisible = 0;
			defaultConfigurationName = Release;
		};
		D1535DEE251FDA8800FF375D /* Build configuration list for PBXNativeTarget "HappyMindTests" */ = {
			isa = XCConfigurationList;
			buildConfigurations = (
				D1535DEF251FDA8800FF375D /* Debug */,
				D1535DF0251FDA8800FF375D /* Release */,
			);
			defaultConfigurationIsVisible = 0;
			defaultConfigurationName = Release;
		};
		D1535DF1251FDA8800FF375D /* Build configuration list for PBXNativeTarget "HappyMindUITests" */ = {
			isa = XCConfigurationList;
			buildConfigurations = (
				D1535DF2251FDA8800FF375D /* Debug */,
				D1535DF3251FDA8800FF375D /* Release */,
			);
			defaultConfigurationIsVisible = 0;
			defaultConfigurationName = Release;
		};
/* End XCConfigurationList section */

/* Begin XCVersionGroup section */
		D1535DCA251FDA8600FF375D /* HappyMind.xcdatamodeld */ = {
			isa = XCVersionGroup;
			children = (
				D1535DCB251FDA8600FF375D /* HappyMind.xcdatamodel */,
			);
			currentVersion = D1535DCB251FDA8600FF375D /* HappyMind.xcdatamodel */;
			path = HappyMind.xcdatamodeld;
			sourceTree = "<group>";
			versionGroupType = wrapper.xcdatamodel;
		};
/* End XCVersionGroup section */
	};
	rootObject = D1535DB6251FDA8600FF375D /* Project object */;
}
